// !$*UTF8*$!
{
	archiveVersion = 1;
	classes = {
	};
	objectVersion = 55;
	objects = {

/* Begin PBXBuildFile section */
		240658952A59A892000AB645 /* PushkaVPNApp.swift in Sources */ = {isa = PBXBuildFile; fileRef = 240658942A59A892000AB645 /* PushkaVPNApp.swift */; };
		240658992A59A894000AB645 /* Assets.xcassets in Resources */ = {isa = PBXBuildFile; fileRef = 240658982A59A894000AB645 /* Assets.xcassets */; };
		2406589C2A59A894000AB645 /* Preview Assets.xcassets in Resources */ = {isa = PBXBuildFile; fileRef = 2406589B2A59A894000AB645 /* Preview Assets.xcassets */; };
		240658A32A59AA15000AB645 /* LaunchScreen.swift in Sources */ = {isa = PBXBuildFile; fileRef = 240658A22A59AA15000AB645 /* LaunchScreen.swift */; };
		240658A92A59ADCD000AB645 /* SignIn.swift in Sources */ = {isa = PBXBuildFile; fileRef = 240658A82A59ADCD000AB645 /* SignIn.swift */; };
		240C600D2B93E8A5004169C5 /* GoogleService-Info.plist in Resources */ = {isa = PBXBuildFile; fileRef = 240C600C2B93E8A5004169C5 /* GoogleService-Info.plist */; };
		243784752A6D6BFB003CA0EE /* SubscribeView.swift in Sources */ = {isa = PBXBuildFile; fileRef = 243784742A6D6BFB003CA0EE /* SubscribeView.swift */; };
		243784772A6D6EAD003CA0EE /* HelpView.swift in Sources */ = {isa = PBXBuildFile; fileRef = 243784762A6D6EAD003CA0EE /* HelpView.swift */; };
		243DC2792AAFD116004DB8D7 /* APIManager.swift in Sources */ = {isa = PBXBuildFile; fileRef = 243DC2782AAFD116004DB8D7 /* APIManager.swift */; };
		243DC2B22AAFE93C004DB8D7 /* ParseData.swift in Sources */ = {isa = PBXBuildFile; fileRef = 243DC2B12AAFE93C004DB8D7 /* ParseData.swift */; };
		243DC2B42AAFF06F004DB8D7 /* Location.swift in Sources */ = {isa = PBXBuildFile; fileRef = 243DC2B32AAFF06F004DB8D7 /* Location.swift */; };
		247BDDE22A67FD4D00632FE1 /* HomeView.swift in Sources */ = {isa = PBXBuildFile; fileRef = 247BDDE12A67FD4D00632FE1 /* HomeView.swift */; };
		247BDDE42A67FD6F00632FE1 /* PersonView.swift in Sources */ = {isa = PBXBuildFile; fileRef = 247BDDE32A67FD6F00632FE1 /* PersonView.swift */; };
		247BDDE62A67FD7D00632FE1 /* SettingsView.swift in Sources */ = {isa = PBXBuildFile; fileRef = 247BDDE52A67FD7D00632FE1 /* SettingsView.swift */; };
		247BDDEA2A697CA600632FE1 /* JoinButton.swift in Sources */ = {isa = PBXBuildFile; fileRef = 247BDDE92A697CA600632FE1 /* JoinButton.swift */; };
		247BDDEC2A69881400632FE1 /* WireGuard.swift in Sources */ = {isa = PBXBuildFile; fileRef = 247BDDEB2A69881400632FE1 /* WireGuard.swift */; };
		24C3B37B2A5FF56F00B1A6CB /* Utilities.swift in Sources */ = {isa = PBXBuildFile; fileRef = 24C3B37A2A5FF56F00B1A6CB /* Utilities.swift */; };
		24C878C92A5ABEF0001DA5DF /* HeadLogo.swift in Sources */ = {isa = PBXBuildFile; fileRef = 24C878C82A5ABEF0001DA5DF /* HeadLogo.swift */; };
		24C878CB2A5AE156001DA5DF /* SignUp.swift in Sources */ = {isa = PBXBuildFile; fileRef = 24C878CA2A5AE156001DA5DF /* SignUp.swift */; };
		24C878D62A5AF3AD001DA5DF /* Authentication.swift in Sources */ = {isa = PBXBuildFile; fileRef = 24C878D52A5AF3AD001DA5DF /* Authentication.swift */; };
		24C878DA2A5B1155001DA5DF /* MainView.swift in Sources */ = {isa = PBXBuildFile; fileRef = 24C878D92A5B1155001DA5DF /* MainView.swift */; };
		F937EAE32C6F76730078369C /* PacketTunnelProvider.swift in Sources */ = {isa = PBXBuildFile; fileRef = F937EAE22C6F76730078369C /* PacketTunnelProvider.swift */; };
		F98D02BA2C55334B002A4CF5 /* ActivateOnDemandoption.swift in Sources */ = {isa = PBXBuildFile; fileRef = F98D02B92C55334B002A4CF5 /* ActivateOnDemandoption.swift */; };
		F98D02BC2C553369002A4CF5 /* MockTunnels.swift in Sources */ = {isa = PBXBuildFile; fileRef = F98D02BB2C553369002A4CF5 /* MockTunnels.swift */; };
		F98D02BE2C55338F002A4CF5 /* TunnelConfiguration+UapiConfig.swift in Sources */ = {isa = PBXBuildFile; fileRef = F98D02BD2C55338F002A4CF5 /* TunnelConfiguration+UapiConfig.swift */; };
		F98D02C02C5533AD002A4CF5 /* TunnelErrors.swift in Sources */ = {isa = PBXBuildFile; fileRef = F98D02BF2C5533AD002A4CF5 /* TunnelErrors.swift */; };
		F98D02C22C5533C7002A4CF5 /* TunnelsManager.swift in Sources */ = {isa = PBXBuildFile; fileRef = F98D02C12C5533C7002A4CF5 /* TunnelsManager.swift */; };
		F98D02C42C5533D9002A4CF5 /* TunnelStatus.swift in Sources */ = {isa = PBXBuildFile; fileRef = F98D02C32C5533D9002A4CF5 /* TunnelStatus.swift */; };
		F98D02C72C55349D002A4CF5 /* FileManager+Extension.swift in Sources */ = {isa = PBXBuildFile; fileRef = F98D02C62C55349D002A4CF5 /* FileManager+Extension.swift */; };
		F98D02C92C5534B4002A4CF5 /* Keychain.swift in Sources */ = {isa = PBXBuildFile; fileRef = F98D02C82C5534B4002A4CF5 /* Keychain.swift */; };
		F98D02CB2C5534CD002A4CF5 /* NotificationToken.swift in Sources */ = {isa = PBXBuildFile; fileRef = F98D02CA2C5534CD002A4CF5 /* NotificationToken.swift */; };
		F98D02D52C55355C002A4CF5 /* NETunnelProviderProtocol+Extension.swift in Sources */ = {isa = PBXBuildFile; fileRef = F98D02D42C55355C002A4CF5 /* NETunnelProviderProtocol+Extension.swift */; };
		F98D02D72C553576002A4CF5 /* String+ArrayConversion.swift in Sources */ = {isa = PBXBuildFile; fileRef = F98D02D62C553576002A4CF5 /* String+ArrayConversion.swift */; };
		F98D02D92C5535A8002A4CF5 /* TunnelCofiguration+WgQuickConfig.swift in Sources */ = {isa = PBXBuildFile; fileRef = F98D02D82C5535A8002A4CF5 /* TunnelCofiguration+WgQuickConfig.swift */; };
		F98D02DC2C553992002A4CF5 /* WireGuardKit in Frameworks */ = {isa = PBXBuildFile; productRef = F98D02DB2C553992002A4CF5 /* WireGuardKit */; };
		F99FF3532C3B4E05006EA8A7 /* NetworkExtension.framework in Frameworks */ = {isa = PBXBuildFile; fileRef = F99FF3522C3B4E05006EA8A7 /* NetworkExtension.framework */; };
		F9A123B42BEC25060058A9FA /* WireGuardKit in Frameworks */ = {isa = PBXBuildFile; productRef = F9A123B32BEC25060058A9FA /* WireGuardKit */; };
		F9A123B62BEC25060058A9FA /* GoogleSignIn in Frameworks */ = {isa = PBXBuildFile; productRef = F9A123B52BEC25060058A9FA /* GoogleSignIn */; };
		F9A123B82BEC25060058A9FA /* GoogleSignInSwift in Frameworks */ = {isa = PBXBuildFile; productRef = F9A123B72BEC25060058A9FA /* GoogleSignInSwift */; };
		F9A123BA2BEC25060058A9FA /* FirebaseAnalytics in Frameworks */ = {isa = PBXBuildFile; productRef = F9A123B92BEC25060058A9FA /* FirebaseAnalytics */; };
		F9A123BC2BEC25060058A9FA /* FirebaseAnalyticsOnDeviceConversion in Frameworks */ = {isa = PBXBuildFile; productRef = F9A123BB2BEC25060058A9FA /* FirebaseAnalyticsOnDeviceConversion */; };
		F9A123BE2BEC25060058A9FA /* FirebaseAnalyticsSwift in Frameworks */ = {isa = PBXBuildFile; productRef = F9A123BD2BEC25060058A9FA /* FirebaseAnalyticsSwift */; };
		F9A123C02BEC25060058A9FA /* FirebaseAnalyticsWithoutAdIdSupport in Frameworks */ = {isa = PBXBuildFile; productRef = F9A123BF2BEC25060058A9FA /* FirebaseAnalyticsWithoutAdIdSupport */; };
		F9A123C22BEC25060058A9FA /* FirebaseAppCheck in Frameworks */ = {isa = PBXBuildFile; productRef = F9A123C12BEC25060058A9FA /* FirebaseAppCheck */; };
		F9A123C42BEC25060058A9FA /* FirebaseAppDistribution-Beta in Frameworks */ = {isa = PBXBuildFile; productRef = F9A123C32BEC25060058A9FA /* FirebaseAppDistribution-Beta */; };
		F9A123C62BEC25060058A9FA /* FirebaseAuth in Frameworks */ = {isa = PBXBuildFile; productRef = F9A123C52BEC25060058A9FA /* FirebaseAuth */; };
		F9A123C82BEC25060058A9FA /* FirebaseAuthCombine-Community in Frameworks */ = {isa = PBXBuildFile; productRef = F9A123C72BEC25060058A9FA /* FirebaseAuthCombine-Community */; };
		F9A123CA2BEC25060058A9FA /* FirebaseCrashlytics in Frameworks */ = {isa = PBXBuildFile; productRef = F9A123C92BEC25060058A9FA /* FirebaseCrashlytics */; };
		F9A123CC2BEC25060058A9FA /* FirebaseDatabase in Frameworks */ = {isa = PBXBuildFile; productRef = F9A123CB2BEC25060058A9FA /* FirebaseDatabase */; };
		F9A123CE2BEC25060058A9FA /* FirebaseDatabaseSwift in Frameworks */ = {isa = PBXBuildFile; productRef = F9A123CD2BEC25060058A9FA /* FirebaseDatabaseSwift */; };
		F9A123D02BEC25060058A9FA /* FirebaseDynamicLinks in Frameworks */ = {isa = PBXBuildFile; productRef = F9A123CF2BEC25060058A9FA /* FirebaseDynamicLinks */; };
		F9A123D22BEC25060058A9FA /* FirebaseFirestore in Frameworks */ = {isa = PBXBuildFile; productRef = F9A123D12BEC25060058A9FA /* FirebaseFirestore */; };
		F9A123D42BEC25060058A9FA /* FirebaseFirestoreCombine-Community in Frameworks */ = {isa = PBXBuildFile; productRef = F9A123D32BEC25060058A9FA /* FirebaseFirestoreCombine-Community */; };
		F9A123D62BEC25060058A9FA /* FirebaseFirestoreSwift in Frameworks */ = {isa = PBXBuildFile; productRef = F9A123D52BEC25060058A9FA /* FirebaseFirestoreSwift */; };
		F9A123D82BEC25060058A9FA /* FirebaseFunctions in Frameworks */ = {isa = PBXBuildFile; productRef = F9A123D72BEC25060058A9FA /* FirebaseFunctions */; };
		F9A123DA2BEC25060058A9FA /* FirebaseFunctionsCombine-Community in Frameworks */ = {isa = PBXBuildFile; productRef = F9A123D92BEC25060058A9FA /* FirebaseFunctionsCombine-Community */; };
		F9A123DC2BEC25060058A9FA /* FirebaseInAppMessaging-Beta in Frameworks */ = {isa = PBXBuildFile; productRef = F9A123DB2BEC25060058A9FA /* FirebaseInAppMessaging-Beta */; };
		F9A123DE2BEC25060058A9FA /* FirebaseInAppMessagingSwift-Beta in Frameworks */ = {isa = PBXBuildFile; productRef = F9A123DD2BEC25060058A9FA /* FirebaseInAppMessagingSwift-Beta */; };
		F9A123E02BEC25060058A9FA /* FirebaseInstallations in Frameworks */ = {isa = PBXBuildFile; productRef = F9A123DF2BEC25060058A9FA /* FirebaseInstallations */; };
		F9A123E22BEC25060058A9FA /* FirebaseMessaging in Frameworks */ = {isa = PBXBuildFile; productRef = F9A123E12BEC25060058A9FA /* FirebaseMessaging */; };
		F9A123E42BEC25060058A9FA /* FirebaseMLModelDownloader in Frameworks */ = {isa = PBXBuildFile; productRef = F9A123E32BEC25060058A9FA /* FirebaseMLModelDownloader */; };
		F9A123E62BEC25060058A9FA /* FirebasePerformance in Frameworks */ = {isa = PBXBuildFile; productRef = F9A123E52BEC25060058A9FA /* FirebasePerformance */; };
		F9A123E82BEC25060058A9FA /* FirebaseRemoteConfig in Frameworks */ = {isa = PBXBuildFile; productRef = F9A123E72BEC25060058A9FA /* FirebaseRemoteConfig */; };
		F9A123EA2BEC25060058A9FA /* FirebaseRemoteConfigSwift in Frameworks */ = {isa = PBXBuildFile; productRef = F9A123E92BEC25060058A9FA /* FirebaseRemoteConfigSwift */; };
		F9A123EC2BEC25060058A9FA /* FirebaseStorage in Frameworks */ = {isa = PBXBuildFile; productRef = F9A123EB2BEC25060058A9FA /* FirebaseStorage */; };
		F9A123EE2BEC25070058A9FA /* FirebaseStorageCombine-Community in Frameworks */ = {isa = PBXBuildFile; productRef = F9A123ED2BEC25070058A9FA /* FirebaseStorageCombine-Community */; };
		F9BE14CC2C6AF13300A7CF30 /* NetworkExtension.framework in Frameworks */ = {isa = PBXBuildFile; fileRef = F99FF3522C3B4E05006EA8A7 /* NetworkExtension.framework */; };
		F9BE14D42C6AF13300A7CF30 /* WireConnect.appex in Embed Foundation Extensions */ = {isa = PBXBuildFile; fileRef = F9BE14CB2C6AF13300A7CF30 /* WireConnect.appex */; settings = {ATTRIBUTES = (RemoveHeadersOnCopy, ); }; };
		F9BE14D92C6AF14A00A7CF30 /* WireGuardKit in Frameworks */ = {isa = PBXBuildFile; productRef = F9BE14D82C6AF14A00A7CF30 /* WireGuardKit */; };
		F9BE14DB2C6AF17700A7CF30 /* FileManager+Extension.swift in Sources */ = {isa = PBXBuildFile; fileRef = F98D02C62C55349D002A4CF5 /* FileManager+Extension.swift */; };
		F9BE14DC2C6AF18100A7CF30 /* NETunnelProviderProtocol+Extension.swift in Sources */ = {isa = PBXBuildFile; fileRef = F98D02D42C55355C002A4CF5 /* NETunnelProviderProtocol+Extension.swift */; };
		F9BE14DD2C6AF18600A7CF30 /* TunnelCofiguration+WgQuickConfig.swift in Sources */ = {isa = PBXBuildFile; fileRef = F98D02D82C5535A8002A4CF5 /* TunnelCofiguration+WgQuickConfig.swift */; };
		F9BE14DE2C6AF18F00A7CF30 /* String+ArrayConversion.swift in Sources */ = {isa = PBXBuildFile; fileRef = F98D02D62C553576002A4CF5 /* String+ArrayConversion.swift */; };
		F9BE14E02C6AF19F00A7CF30 /* Keychain.swift in Sources */ = {isa = PBXBuildFile; fileRef = F98D02C82C5534B4002A4CF5 /* Keychain.swift */; };
		F9BE14EA2C6B8B1000A7CF30 /* ErrorNotifier.swift in Sources */ = {isa = PBXBuildFile; fileRef = F98D02AF2C552F4C002A4CF5 /* ErrorNotifier.swift */; };
		F9F729CA2C5989D700886709 /* RecentTunnelsTracker.swift in Sources */ = {isa = PBXBuildFile; fileRef = F9F729C72C5989D700886709 /* RecentTunnelsTracker.swift */; };
		F9F729CB2C5989D700886709 /* WireGuardAppError.swift in Sources */ = {isa = PBXBuildFile; fileRef = F9F729C82C5989D700886709 /* WireGuardAppError.swift */; };
/* End PBXBuildFile section */

/* Begin PBXContainerItemProxy section */
		F9BE14D22C6AF13300A7CF30 /* PBXContainerItemProxy */ = {
			isa = PBXContainerItemProxy;
			containerPortal = 240658892A59A892000AB645 /* Project object */;
			proxyType = 1;
			remoteGlobalIDString = F9BE14CA2C6AF13300A7CF30;
			remoteInfo = WireConnect;
		};
		F9BE14E22C6AF1AA00A7CF30 /* PBXContainerItemProxy */ = {
			isa = PBXContainerItemProxy;
			containerPortal = 240658892A59A892000AB645 /* Project object */;
			proxyType = 1;
			remoteGlobalIDString = F9A123F42BED897D0058A9FA;
			remoteInfo = WireGuardGoBridgeiOS;
		};
/* End PBXContainerItemProxy section */

/* Begin PBXCopyFilesBuildPhase section */
		F99FF3612C3B4FFC006EA8A7 /* Embed Foundation Extensions */ = {
			isa = PBXCopyFilesBuildPhase;
			buildActionMask = 2147483647;
			dstPath = "";
			dstSubfolderSpec = 13;
			files = (
				F9BE14D42C6AF13300A7CF30 /* WireConnect.appex in Embed Foundation Extensions */,
			);
			name = "Embed Foundation Extensions";
			runOnlyForDeploymentPostprocessing = 0;
		};
/* End PBXCopyFilesBuildPhase section */

/* Begin PBXFileReference section */
		240658912A59A892000AB645 /* PushkaVPN.app */ = {isa = PBXFileReference; explicitFileType = wrapper.application; includeInIndex = 0; path = PushkaVPN.app; sourceTree = BUILT_PRODUCTS_DIR; };
		240658942A59A892000AB645 /* PushkaVPNApp.swift */ = {isa = PBXFileReference; lastKnownFileType = sourcecode.swift; path = PushkaVPNApp.swift; sourceTree = "<group>"; };
		240658982A59A894000AB645 /* Assets.xcassets */ = {isa = PBXFileReference; lastKnownFileType = folder.assetcatalog; path = Assets.xcassets; sourceTree = "<group>"; };
		2406589B2A59A894000AB645 /* Preview Assets.xcassets */ = {isa = PBXFileReference; lastKnownFileType = folder.assetcatalog; path = "Preview Assets.xcassets"; sourceTree = "<group>"; };
		240658A22A59AA15000AB645 /* LaunchScreen.swift */ = {isa = PBXFileReference; lastKnownFileType = sourcecode.swift; path = LaunchScreen.swift; sourceTree = "<group>"; };
		240658A82A59ADCD000AB645 /* SignIn.swift */ = {isa = PBXFileReference; lastKnownFileType = sourcecode.swift; path = SignIn.swift; sourceTree = "<group>"; };
		240658AA2A59B2D0000AB645 /* Info.plist */ = {isa = PBXFileReference; lastKnownFileType = text.plist; path = Info.plist; sourceTree = "<group>"; };
		240C600C2B93E8A5004169C5 /* GoogleService-Info.plist */ = {isa = PBXFileReference; fileEncoding = 4; lastKnownFileType = text.plist.xml; name = "GoogleService-Info.plist"; path = "../../../../Downloads/GoogleService-Info.plist"; sourceTree = "<group>"; };
		243784742A6D6BFB003CA0EE /* SubscribeView.swift */ = {isa = PBXFileReference; lastKnownFileType = sourcecode.swift; path = SubscribeView.swift; sourceTree = "<group>"; };
		243784762A6D6EAD003CA0EE /* HelpView.swift */ = {isa = PBXFileReference; lastKnownFileType = sourcecode.swift; path = HelpView.swift; sourceTree = "<group>"; };
		243DC2782AAFD116004DB8D7 /* APIManager.swift */ = {isa = PBXFileReference; lastKnownFileType = sourcecode.swift; path = APIManager.swift; sourceTree = "<group>"; };
		243DC2B12AAFE93C004DB8D7 /* ParseData.swift */ = {isa = PBXFileReference; lastKnownFileType = sourcecode.swift; path = ParseData.swift; sourceTree = "<group>"; };
		243DC2B32AAFF06F004DB8D7 /* Location.swift */ = {isa = PBXFileReference; lastKnownFileType = sourcecode.swift; path = Location.swift; sourceTree = "<group>"; };
		247BDDE12A67FD4D00632FE1 /* HomeView.swift */ = {isa = PBXFileReference; lastKnownFileType = sourcecode.swift; path = HomeView.swift; sourceTree = "<group>"; };
		247BDDE32A67FD6F00632FE1 /* PersonView.swift */ = {isa = PBXFileReference; lastKnownFileType = sourcecode.swift; path = PersonView.swift; sourceTree = "<group>"; };
		247BDDE52A67FD7D00632FE1 /* SettingsView.swift */ = {isa = PBXFileReference; lastKnownFileType = sourcecode.swift; path = SettingsView.swift; sourceTree = "<group>"; };
		247BDDE92A697CA600632FE1 /* JoinButton.swift */ = {isa = PBXFileReference; lastKnownFileType = sourcecode.swift; path = JoinButton.swift; sourceTree = "<group>"; };
		247BDDEB2A69881400632FE1 /* WireGuard.swift */ = {isa = PBXFileReference; lastKnownFileType = sourcecode.swift; path = WireGuard.swift; sourceTree = "<group>"; };
		24C3B37A2A5FF56F00B1A6CB /* Utilities.swift */ = {isa = PBXFileReference; lastKnownFileType = sourcecode.swift; path = Utilities.swift; sourceTree = "<group>"; };
		24C878C82A5ABEF0001DA5DF /* HeadLogo.swift */ = {isa = PBXFileReference; lastKnownFileType = sourcecode.swift; path = HeadLogo.swift; sourceTree = "<group>"; };
		24C878CA2A5AE156001DA5DF /* SignUp.swift */ = {isa = PBXFileReference; lastKnownFileType = sourcecode.swift; path = SignUp.swift; sourceTree = "<group>"; };
		24C878D52A5AF3AD001DA5DF /* Authentication.swift */ = {isa = PBXFileReference; lastKnownFileType = sourcecode.swift; path = Authentication.swift; sourceTree = "<group>"; };
		24C878D92A5B1155001DA5DF /* MainView.swift */ = {isa = PBXFileReference; lastKnownFileType = sourcecode.swift; path = MainView.swift; sourceTree = "<group>"; };
		F937EAE22C6F76730078369C /* PacketTunnelProvider.swift */ = {isa = PBXFileReference; lastKnownFileType = sourcecode.swift; path = PacketTunnelProvider.swift; sourceTree = "<group>"; };
		F98D02AF2C552F4C002A4CF5 /* ErrorNotifier.swift */ = {isa = PBXFileReference; lastKnownFileType = sourcecode.swift; path = ErrorNotifier.swift; sourceTree = "<group>"; };
		F98D02B52C552FFB002A4CF5 /* Wire-Connect-Bridging-Header.h */ = {isa = PBXFileReference; lastKnownFileType = sourcecode.c.h; path = "Wire-Connect-Bridging-Header.h"; sourceTree = "<group>"; };
		F98D02B92C55334B002A4CF5 /* ActivateOnDemandoption.swift */ = {isa = PBXFileReference; lastKnownFileType = sourcecode.swift; path = ActivateOnDemandoption.swift; sourceTree = "<group>"; };
		F98D02BB2C553369002A4CF5 /* MockTunnels.swift */ = {isa = PBXFileReference; lastKnownFileType = sourcecode.swift; path = MockTunnels.swift; sourceTree = "<group>"; };
		F98D02BD2C55338F002A4CF5 /* TunnelConfiguration+UapiConfig.swift */ = {isa = PBXFileReference; lastKnownFileType = sourcecode.swift; path = "TunnelConfiguration+UapiConfig.swift"; sourceTree = "<group>"; };
		F98D02BF2C5533AD002A4CF5 /* TunnelErrors.swift */ = {isa = PBXFileReference; lastKnownFileType = sourcecode.swift; path = TunnelErrors.swift; sourceTree = "<group>"; };
		F98D02C12C5533C7002A4CF5 /* TunnelsManager.swift */ = {isa = PBXFileReference; lastKnownFileType = sourcecode.swift; path = TunnelsManager.swift; sourceTree = "<group>"; };
		F98D02C32C5533D9002A4CF5 /* TunnelStatus.swift */ = {isa = PBXFileReference; lastKnownFileType = sourcecode.swift; path = TunnelStatus.swift; sourceTree = "<group>"; };
		F98D02C62C55349D002A4CF5 /* FileManager+Extension.swift */ = {isa = PBXFileReference; lastKnownFileType = sourcecode.swift; path = "FileManager+Extension.swift"; sourceTree = "<group>"; };
		F98D02C82C5534B4002A4CF5 /* Keychain.swift */ = {isa = PBXFileReference; lastKnownFileType = sourcecode.swift; path = Keychain.swift; sourceTree = "<group>"; };
		F98D02CA2C5534CD002A4CF5 /* NotificationToken.swift */ = {isa = PBXFileReference; lastKnownFileType = sourcecode.swift; path = NotificationToken.swift; sourceTree = "<group>"; };
		F98D02D42C55355C002A4CF5 /* NETunnelProviderProtocol+Extension.swift */ = {isa = PBXFileReference; lastKnownFileType = sourcecode.swift; path = "NETunnelProviderProtocol+Extension.swift"; sourceTree = "<group>"; };
		F98D02D62C553576002A4CF5 /* String+ArrayConversion.swift */ = {isa = PBXFileReference; lastKnownFileType = sourcecode.swift; path = "String+ArrayConversion.swift"; sourceTree = "<group>"; };
		F98D02D82C5535A8002A4CF5 /* TunnelCofiguration+WgQuickConfig.swift */ = {isa = PBXFileReference; lastKnownFileType = sourcecode.swift; path = "TunnelCofiguration+WgQuickConfig.swift"; sourceTree = "<group>"; };
		F99FF3522C3B4E05006EA8A7 /* NetworkExtension.framework */ = {isa = PBXFileReference; lastKnownFileType = wrapper.framework; name = NetworkExtension.framework; path = System/Library/Frameworks/NetworkExtension.framework; sourceTree = SDKROOT; };
		F9A123B22BEC1BBE0058A9FA /* wireguard-apple */ = {isa = PBXFileReference; lastKnownFileType = wrapper; name = "wireguard-apple"; path = "../../wireguard-apple"; sourceTree = "<group>"; };
		F9BD936E2BF5252F00273C25 /* PushkaVPN.entitlements */ = {isa = PBXFileReference; lastKnownFileType = text.plist.entitlements; path = PushkaVPN.entitlements; sourceTree = "<group>"; };
		F9BE14CB2C6AF13300A7CF30 /* WireConnect.appex */ = {isa = PBXFileReference; explicitFileType = "wrapper.app-extension"; includeInIndex = 0; path = WireConnect.appex; sourceTree = BUILT_PRODUCTS_DIR; };
		F9BE14D02C6AF13300A7CF30 /* Info.plist */ = {isa = PBXFileReference; lastKnownFileType = text.plist.xml; path = Info.plist; sourceTree = "<group>"; };
		F9BE14D12C6AF13300A7CF30 /* WireConnect.entitlements */ = {isa = PBXFileReference; lastKnownFileType = text.plist.entitlements; path = WireConnect.entitlements; sourceTree = "<group>"; };
		F9F729C72C5989D700886709 /* RecentTunnelsTracker.swift */ = {isa = PBXFileReference; fileEncoding = 4; lastKnownFileType = sourcecode.swift; path = RecentTunnelsTracker.swift; sourceTree = "<group>"; };
		F9F729C82C5989D700886709 /* WireGuardAppError.swift */ = {isa = PBXFileReference; fileEncoding = 4; lastKnownFileType = sourcecode.swift; path = WireGuardAppError.swift; sourceTree = "<group>"; };
/* End PBXFileReference section */

/* Begin PBXFrameworksBuildPhase section */
		2406588E2A59A892000AB645 /* Frameworks */ = {
			isa = PBXFrameworksBuildPhase;
			buildActionMask = 2147483647;
			files = (
				F99FF3532C3B4E05006EA8A7 /* NetworkExtension.framework in Frameworks */,
				F9A123E22BEC25060058A9FA /* FirebaseMessaging in Frameworks */,
				F9A123DE2BEC25060058A9FA /* FirebaseInAppMessagingSwift-Beta in Frameworks */,
				F9A123CE2BEC25060058A9FA /* FirebaseDatabaseSwift in Frameworks */,
				F9A123CC2BEC25060058A9FA /* FirebaseDatabase in Frameworks */,
				F9A123C22BEC25060058A9FA /* FirebaseAppCheck in Frameworks */,
				F9A123DA2BEC25060058A9FA /* FirebaseFunctionsCombine-Community in Frameworks */,
				F9A123E02BEC25060058A9FA /* FirebaseInstallations in Frameworks */,
				F9A123E42BEC25060058A9FA /* FirebaseMLModelDownloader in Frameworks */,
				F9A123C62BEC25060058A9FA /* FirebaseAuth in Frameworks */,
				F9A123E82BEC25060058A9FA /* FirebaseRemoteConfig in Frameworks */,
				F9A123BE2BEC25060058A9FA /* FirebaseAnalyticsSwift in Frameworks */,
				F9A123EC2BEC25060058A9FA /* FirebaseStorage in Frameworks */,
				F9A123E62BEC25060058A9FA /* FirebasePerformance in Frameworks */,
				F9A123D22BEC25060058A9FA /* FirebaseFirestore in Frameworks */,
				F9A123B82BEC25060058A9FA /* GoogleSignInSwift in Frameworks */,
				F9A123DC2BEC25060058A9FA /* FirebaseInAppMessaging-Beta in Frameworks */,
				F9A123B42BEC25060058A9FA /* WireGuardKit in Frameworks */,
				F9A123BC2BEC25060058A9FA /* FirebaseAnalyticsOnDeviceConversion in Frameworks */,
				F9A123EA2BEC25060058A9FA /* FirebaseRemoteConfigSwift in Frameworks */,
				F9A123C82BEC25060058A9FA /* FirebaseAuthCombine-Community in Frameworks */,
				F9A123D82BEC25060058A9FA /* FirebaseFunctions in Frameworks */,
				F9A123C02BEC25060058A9FA /* FirebaseAnalyticsWithoutAdIdSupport in Frameworks */,
				F9A123EE2BEC25070058A9FA /* FirebaseStorageCombine-Community in Frameworks */,
				F9A123D42BEC25060058A9FA /* FirebaseFirestoreCombine-Community in Frameworks */,
				F9A123BA2BEC25060058A9FA /* FirebaseAnalytics in Frameworks */,
				F9A123CA2BEC25060058A9FA /* FirebaseCrashlytics in Frameworks */,
				F9A123B62BEC25060058A9FA /* GoogleSignIn in Frameworks */,
				F9A123C42BEC25060058A9FA /* FirebaseAppDistribution-Beta in Frameworks */,
				F9A123D02BEC25060058A9FA /* FirebaseDynamicLinks in Frameworks */,
				F98D02DC2C553992002A4CF5 /* WireGuardKit in Frameworks */,
				F9A123D62BEC25060058A9FA /* FirebaseFirestoreSwift in Frameworks */,
			);
			runOnlyForDeploymentPostprocessing = 0;
		};
		F9BE14C82C6AF13300A7CF30 /* Frameworks */ = {
			isa = PBXFrameworksBuildPhase;
			buildActionMask = 2147483647;
			files = (
				F9BE14D92C6AF14A00A7CF30 /* WireGuardKit in Frameworks */,
				F9BE14CC2C6AF13300A7CF30 /* NetworkExtension.framework in Frameworks */,
			);
			runOnlyForDeploymentPostprocessing = 0;
		};
/* End PBXFrameworksBuildPhase section */

/* Begin PBXGroup section */
		240658882A59A892000AB645 = {
			isa = PBXGroup;
			children = (
				241DE1852ACC0C8200B4C157 /* Packages */,
				240658932A59A892000AB645 /* PushkaVPN */,
				F9BE14CD2C6AF13300A7CF30 /* WireConnect */,
				240658922A59A892000AB645 /* Products */,
				245CACC42A9F4B3700DE7014 /* Frameworks */,
			);
			sourceTree = "<group>";
		};
		240658922A59A892000AB645 /* Products */ = {
			isa = PBXGroup;
			children = (
				240658912A59A892000AB645 /* PushkaVPN.app */,
				F9BE14CB2C6AF13300A7CF30 /* WireConnect.appex */,
			);
			name = Products;
			sourceTree = "<group>";
		};
		240658932A59A892000AB645 /* PushkaVPN */ = {
			isa = PBXGroup;
			children = (
				F98D02C52C553475002A4CF5 /* Shared */,
				F98D02B82C553321002A4CF5 /* Tunnel */,
				F9BD936E2BF5252F00273C25 /* PushkaVPN.entitlements */,
				240C600C2B93E8A5004169C5 /* GoogleService-Info.plist */,
				240658AA2A59B2D0000AB645 /* Info.plist */,
				240658942A59A892000AB645 /* PushkaVPNApp.swift */,
				24C3B3792A5FF55100B1A6CB /* Utilities */,
				240658A72A59AD9B000AB645 /* ViewModel */,
				240658A62A59AAB2000AB645 /* Model */,
				240658A52A59AAA7000AB645 /* View */,
				240658982A59A894000AB645 /* Assets.xcassets */,
				2406589A2A59A894000AB645 /* Preview Content */,
			);
			path = PushkaVPN;
			sourceTree = "<group>";
		};
		2406589A2A59A894000AB645 /* Preview Content */ = {
			isa = PBXGroup;
			children = (
				2406589B2A59A894000AB645 /* Preview Assets.xcassets */,
			);
			path = "Preview Content";
			sourceTree = "<group>";
		};
		240658A52A59AAA7000AB645 /* View */ = {
			isa = PBXGroup;
			children = (
				240658A82A59ADCD000AB645 /* SignIn.swift */,
				24C878CA2A5AE156001DA5DF /* SignUp.swift */,
				24C878C82A5ABEF0001DA5DF /* HeadLogo.swift */,
				247BDDE12A67FD4D00632FE1 /* HomeView.swift */,
				247BDDE32A67FD6F00632FE1 /* PersonView.swift */,
				247BDDE52A67FD7D00632FE1 /* SettingsView.swift */,
				247BDDE92A697CA600632FE1 /* JoinButton.swift */,
				243784742A6D6BFB003CA0EE /* SubscribeView.swift */,
				243784762A6D6EAD003CA0EE /* HelpView.swift */,
				243DC2B32AAFF06F004DB8D7 /* Location.swift */,
			);
			path = View;
			sourceTree = "<group>";
		};
		240658A62A59AAB2000AB645 /* Model */ = {
			isa = PBXGroup;
			children = (
				24C878D52A5AF3AD001DA5DF /* Authentication.swift */,
				247BDDEB2A69881400632FE1 /* WireGuard.swift */,
				243DC2782AAFD116004DB8D7 /* APIManager.swift */,
				243DC2B12AAFE93C004DB8D7 /* ParseData.swift */,
			);
			path = Model;
			sourceTree = "<group>";
		};
		240658A72A59AD9B000AB645 /* ViewModel */ = {
			isa = PBXGroup;
			children = (
				24C878D92A5B1155001DA5DF /* MainView.swift */,
				240658A22A59AA15000AB645 /* LaunchScreen.swift */,
			);
			path = ViewModel;
			sourceTree = "<group>";
		};
		241DE1852ACC0C8200B4C157 /* Packages */ = {
			isa = PBXGroup;
			children = (
				F9A123B22BEC1BBE0058A9FA /* wireguard-apple */,
			);
			name = Packages;
			sourceTree = "<group>";
		};
		245CACC42A9F4B3700DE7014 /* Frameworks */ = {
			isa = PBXGroup;
			children = (
				F99FF3522C3B4E05006EA8A7 /* NetworkExtension.framework */,
			);
			name = Frameworks;
			sourceTree = "<group>";
		};
		24C3B3792A5FF55100B1A6CB /* Utilities */ = {
			isa = PBXGroup;
			children = (
				24C3B37A2A5FF56F00B1A6CB /* Utilities.swift */,
			);
			path = Utilities;
			sourceTree = "<group>";
		};
		F98D02B82C553321002A4CF5 /* Tunnel */ = {
			isa = PBXGroup;
			children = (
				F98D02B92C55334B002A4CF5 /* ActivateOnDemandoption.swift */,
				F98D02BB2C553369002A4CF5 /* MockTunnels.swift */,
				F98D02BD2C55338F002A4CF5 /* TunnelConfiguration+UapiConfig.swift */,
				F98D02BF2C5533AD002A4CF5 /* TunnelErrors.swift */,
				F98D02C12C5533C7002A4CF5 /* TunnelsManager.swift */,
				F98D02C32C5533D9002A4CF5 /* TunnelStatus.swift */,
			);
			path = Tunnel;
			sourceTree = "<group>";
		};
		F98D02C52C553475002A4CF5 /* Shared */ = {
			isa = PBXGroup;
			children = (
				F9F729C92C5989D700886709 /* iosUI */,
				F98D02D32C553526002A4CF5 /* Model */,
				F98D02C62C55349D002A4CF5 /* FileManager+Extension.swift */,
				F98D02C82C5534B4002A4CF5 /* Keychain.swift */,
				F98D02CA2C5534CD002A4CF5 /* NotificationToken.swift */,
			);
			path = Shared;
			sourceTree = "<group>";
		};
		F98D02D32C553526002A4CF5 /* Model */ = {
			isa = PBXGroup;
			children = (
				F98D02D42C55355C002A4CF5 /* NETunnelProviderProtocol+Extension.swift */,
				F98D02D62C553576002A4CF5 /* String+ArrayConversion.swift */,
				F98D02D82C5535A8002A4CF5 /* TunnelCofiguration+WgQuickConfig.swift */,
			);
			path = Model;
			sourceTree = "<group>";
		};
		F9BE14CD2C6AF13300A7CF30 /* WireConnect */ = {
			isa = PBXGroup;
			children = (
				F98D02B52C552FFB002A4CF5 /* Wire-Connect-Bridging-Header.h */,
				F98D02AF2C552F4C002A4CF5 /* ErrorNotifier.swift */,
				F9BE14D02C6AF13300A7CF30 /* Info.plist */,
				F9BE14D12C6AF13300A7CF30 /* WireConnect.entitlements */,
				F937EAE22C6F76730078369C /* PacketTunnelProvider.swift */,
			);
			path = WireConnect;
			sourceTree = "<group>";
		};
		F9F729C92C5989D700886709 /* iosUI */ = {
			isa = PBXGroup;
			children = (
				F9F729C72C5989D700886709 /* RecentTunnelsTracker.swift */,
				F9F729C82C5989D700886709 /* WireGuardAppError.swift */,
			);
			name = iosUI;
			path = "../../../../../Downloads/sampleWiregard-main 3/sampleWiregard/iosUI";
			sourceTree = "<group>";
		};
/* End PBXGroup section */

/* Begin PBXLegacyTarget section */
		F9A123F42BED897D0058A9FA /* WireGuardGoBridgeiOS */ = {
			isa = PBXLegacyTarget;
			buildArgumentsString = "$(ACTION)";
			buildConfigurationList = F9A123F52BED897D0058A9FA /* Build configuration list for PBXLegacyTarget "WireGuardGoBridgeiOS" */;
			buildPhases = (
			);
			buildToolPath = /usr/bin/make;
			buildWorkingDirectory = "/Users/slava/Documents/wireguard-apple/Sources/WireGuardKitGo";
			dependencies = (
			);
			name = WireGuardGoBridgeiOS;
			passBuildSettingsInEnvironment = 1;
			productName = WireGuardGoBridgeiOS;
		};
/* End PBXLegacyTarget section */

/* Begin PBXNativeTarget section */
		240658902A59A892000AB645 /* PushkaVPN */ = {
			isa = PBXNativeTarget;
			buildConfigurationList = 2406589F2A59A894000AB645 /* Build configuration list for PBXNativeTarget "PushkaVPN" */;
			buildPhases = (
				2406588D2A59A892000AB645 /* Sources */,
				2406588E2A59A892000AB645 /* Frameworks */,
				2406588F2A59A892000AB645 /* Resources */,
				F99FF3612C3B4FFC006EA8A7 /* Embed Foundation Extensions */,
			);
			buildRules = (
			);
			dependencies = (
				F9BE14D32C6AF13300A7CF30 /* PBXTargetDependency */,
			);
			name = PushkaVPN;
			packageProductDependencies = (
				F9A123B32BEC25060058A9FA /* WireGuardKit */,
				F9A123B52BEC25060058A9FA /* GoogleSignIn */,
				F9A123B72BEC25060058A9FA /* GoogleSignInSwift */,
				F9A123B92BEC25060058A9FA /* FirebaseAnalytics */,
				F9A123BB2BEC25060058A9FA /* FirebaseAnalyticsOnDeviceConversion */,
				F9A123BD2BEC25060058A9FA /* FirebaseAnalyticsSwift */,
				F9A123BF2BEC25060058A9FA /* FirebaseAnalyticsWithoutAdIdSupport */,
				F9A123C12BEC25060058A9FA /* FirebaseAppCheck */,
				F9A123C32BEC25060058A9FA /* FirebaseAppDistribution-Beta */,
				F9A123C52BEC25060058A9FA /* FirebaseAuth */,
				F9A123C72BEC25060058A9FA /* FirebaseAuthCombine-Community */,
				F9A123C92BEC25060058A9FA /* FirebaseCrashlytics */,
				F9A123CB2BEC25060058A9FA /* FirebaseDatabase */,
				F9A123CD2BEC25060058A9FA /* FirebaseDatabaseSwift */,
				F9A123CF2BEC25060058A9FA /* FirebaseDynamicLinks */,
				F9A123D12BEC25060058A9FA /* FirebaseFirestore */,
				F9A123D32BEC25060058A9FA /* FirebaseFirestoreCombine-Community */,
				F9A123D52BEC25060058A9FA /* FirebaseFirestoreSwift */,
				F9A123D72BEC25060058A9FA /* FirebaseFunctions */,
				F9A123D92BEC25060058A9FA /* FirebaseFunctionsCombine-Community */,
				F9A123DB2BEC25060058A9FA /* FirebaseInAppMessaging-Beta */,
				F9A123DD2BEC25060058A9FA /* FirebaseInAppMessagingSwift-Beta */,
				F9A123DF2BEC25060058A9FA /* FirebaseInstallations */,
				F9A123E12BEC25060058A9FA /* FirebaseMessaging */,
				F9A123E32BEC25060058A9FA /* FirebaseMLModelDownloader */,
				F9A123E52BEC25060058A9FA /* FirebasePerformance */,
				F9A123E72BEC25060058A9FA /* FirebaseRemoteConfig */,
				F9A123E92BEC25060058A9FA /* FirebaseRemoteConfigSwift */,
				F9A123EB2BEC25060058A9FA /* FirebaseStorage */,
				F9A123ED2BEC25070058A9FA /* FirebaseStorageCombine-Community */,
				F98D02DB2C553992002A4CF5 /* WireGuardKit */,
			);
			productName = PushkaVPN;
			productReference = 240658912A59A892000AB645 /* PushkaVPN.app */;
			productType = "com.apple.product-type.application";
		};
		F9BE14CA2C6AF13300A7CF30 /* WireConnect */ = {
			isa = PBXNativeTarget;
			buildConfigurationList = F9BE14D72C6AF13300A7CF30 /* Build configuration list for PBXNativeTarget "WireConnect" */;
			buildPhases = (
				F9BE14C72C6AF13300A7CF30 /* Sources */,
				F9BE14C82C6AF13300A7CF30 /* Frameworks */,
				F9BE14C92C6AF13300A7CF30 /* Resources */,
			);
			buildRules = (
			);
			dependencies = (
				F9BE14E32C6AF1AA00A7CF30 /* PBXTargetDependency */,
			);
			name = WireConnect;
			packageProductDependencies = (
				F9BE14D82C6AF14A00A7CF30 /* WireGuardKit */,
			);
			productName = WireConnect;
			productReference = F9BE14CB2C6AF13300A7CF30 /* WireConnect.appex */;
			productType = "com.apple.product-type.app-extension";
		};
/* End PBXNativeTarget section */

/* Begin PBXProject section */
		240658892A59A892000AB645 /* Project object */ = {
			isa = PBXProject;
			attributes = {
				BuildIndependentTargetsInParallel = 1;
				LastSwiftUpdateCheck = 1540;
				LastUpgradeCheck = 1530;
				TargetAttributes = {
					240658902A59A892000AB645 = {
						CreatedOnToolsVersion = 13.2.1;
						LastSwiftMigration = 1540;
					};
					F9A123F42BED897D0058A9FA = {
						CreatedOnToolsVersion = 15.3;
					};
					F9BE14CA2C6AF13300A7CF30 = {
						CreatedOnToolsVersion = 15.4;
					};
				};
			};
			buildConfigurationList = 2406588C2A59A892000AB645 /* Build configuration list for PBXProject "PushkaVPN" */;
			compatibilityVersion = "Xcode 13.0";
			developmentRegion = en;
			hasScannedForEncodings = 0;
			knownRegions = (
				en,
				Base,
				ru,
			);
			mainGroup = 240658882A59A892000AB645;
			packageReferences = (
				24CF174F2A5EEB2B000ABEEA /* XCRemoteSwiftPackageReference "GoogleSignIn-iOS" */,
				243DC27A2AAFD89F004DB8D7 /* XCRemoteSwiftPackageReference "firebase-ios-sdk" */,
				F98D02DA2C553898002A4CF5 /* XCRemoteSwiftPackageReference "wireguard-apple" */,
			);
			productRefGroup = 240658922A59A892000AB645 /* Products */;
			projectDirPath = "";
			projectRoot = "";
			targets = (
				240658902A59A892000AB645 /* PushkaVPN */,
				F9A123F42BED897D0058A9FA /* WireGuardGoBridgeiOS */,
				F9BE14CA2C6AF13300A7CF30 /* WireConnect */,
			);
		};
/* End PBXProject section */

/* Begin PBXResourcesBuildPhase section */
		2406588F2A59A892000AB645 /* Resources */ = {
			isa = PBXResourcesBuildPhase;
			buildActionMask = 2147483647;
			files = (
				2406589C2A59A894000AB645 /* Preview Assets.xcassets in Resources */,
				240658992A59A894000AB645 /* Assets.xcassets in Resources */,
				240C600D2B93E8A5004169C5 /* GoogleService-Info.plist in Resources */,
			);
			runOnlyForDeploymentPostprocessing = 0;
		};
		F9BE14C92C6AF13300A7CF30 /* Resources */ = {
			isa = PBXResourcesBuildPhase;
			buildActionMask = 2147483647;
			files = (
			);
			runOnlyForDeploymentPostprocessing = 0;
		};
/* End PBXResourcesBuildPhase section */

/* Begin PBXSourcesBuildPhase section */
		2406588D2A59A892000AB645 /* Sources */ = {
			isa = PBXSourcesBuildPhase;
			buildActionMask = 2147483647;
			files = (
				243DC2792AAFD116004DB8D7 /* APIManager.swift in Sources */,
				247BDDE22A67FD4D00632FE1 /* HomeView.swift in Sources */,
				243DC2B22AAFE93C004DB8D7 /* ParseData.swift in Sources */,
				243784752A6D6BFB003CA0EE /* SubscribeView.swift in Sources */,
				F9F729CA2C5989D700886709 /* RecentTunnelsTracker.swift in Sources */,
				243DC2B42AAFF06F004DB8D7 /* Location.swift in Sources */,
				F9F729CB2C5989D700886709 /* WireGuardAppError.swift in Sources */,
				240658952A59A892000AB645 /* PushkaVPNApp.swift in Sources */,
				F98D02C22C5533C7002A4CF5 /* TunnelsManager.swift in Sources */,
				24C878DA2A5B1155001DA5DF /* MainView.swift in Sources */,
				F98D02C02C5533AD002A4CF5 /* TunnelErrors.swift in Sources */,
				247BDDEA2A697CA600632FE1 /* JoinButton.swift in Sources */,
				24C878D62A5AF3AD001DA5DF /* Authentication.swift in Sources */,
				240658A92A59ADCD000AB645 /* SignIn.swift in Sources */,
				F98D02C92C5534B4002A4CF5 /* Keychain.swift in Sources */,
				F98D02D72C553576002A4CF5 /* String+ArrayConversion.swift in Sources */,
				247BDDE42A67FD6F00632FE1 /* PersonView.swift in Sources */,
				24C878C92A5ABEF0001DA5DF /* HeadLogo.swift in Sources */,
				F98D02BE2C55338F002A4CF5 /* TunnelConfiguration+UapiConfig.swift in Sources */,
				F98D02D52C55355C002A4CF5 /* NETunnelProviderProtocol+Extension.swift in Sources */,
				24C878CB2A5AE156001DA5DF /* SignUp.swift in Sources */,
				F98D02BC2C553369002A4CF5 /* MockTunnels.swift in Sources */,
				24C3B37B2A5FF56F00B1A6CB /* Utilities.swift in Sources */,
				240658A32A59AA15000AB645 /* LaunchScreen.swift in Sources */,
				247BDDEC2A69881400632FE1 /* WireGuard.swift in Sources */,
				243784772A6D6EAD003CA0EE /* HelpView.swift in Sources */,
				F98D02CB2C5534CD002A4CF5 /* NotificationToken.swift in Sources */,
				247BDDE62A67FD7D00632FE1 /* SettingsView.swift in Sources */,
				F98D02BA2C55334B002A4CF5 /* ActivateOnDemandoption.swift in Sources */,
				F98D02C42C5533D9002A4CF5 /* TunnelStatus.swift in Sources */,
				F98D02C72C55349D002A4CF5 /* FileManager+Extension.swift in Sources */,
				F98D02D92C5535A8002A4CF5 /* TunnelCofiguration+WgQuickConfig.swift in Sources */,
			);
			runOnlyForDeploymentPostprocessing = 0;
		};
		F9BE14C72C6AF13300A7CF30 /* Sources */ = {
			isa = PBXSourcesBuildPhase;
			buildActionMask = 2147483647;
			files = (
				F9BE14EA2C6B8B1000A7CF30 /* ErrorNotifier.swift in Sources */,
				F9BE14DB2C6AF17700A7CF30 /* FileManager+Extension.swift in Sources */,
				F9BE14DD2C6AF18600A7CF30 /* TunnelCofiguration+WgQuickConfig.swift in Sources */,
				F9BE14DC2C6AF18100A7CF30 /* NETunnelProviderProtocol+Extension.swift in Sources */,
				F9BE14DE2C6AF18F00A7CF30 /* String+ArrayConversion.swift in Sources */,
				F937EAE32C6F76730078369C /* PacketTunnelProvider.swift in Sources */,
				F9BE14E02C6AF19F00A7CF30 /* Keychain.swift in Sources */,
			);
			runOnlyForDeploymentPostprocessing = 0;
		};
/* End PBXSourcesBuildPhase section */

/* Begin PBXTargetDependency section */
		F9BE14D32C6AF13300A7CF30 /* PBXTargetDependency */ = {
			isa = PBXTargetDependency;
			target = F9BE14CA2C6AF13300A7CF30 /* WireConnect */;
			targetProxy = F9BE14D22C6AF13300A7CF30 /* PBXContainerItemProxy */;
		};
		F9BE14E32C6AF1AA00A7CF30 /* PBXTargetDependency */ = {
			isa = PBXTargetDependency;
			target = F9A123F42BED897D0058A9FA /* WireGuardGoBridgeiOS */;
			targetProxy = F9BE14E22C6AF1AA00A7CF30 /* PBXContainerItemProxy */;
		};
/* End PBXTargetDependency section */

/* Begin XCBuildConfiguration section */
		2406589D2A59A894000AB645 /* Debug */ = {
			isa = XCBuildConfiguration;
			buildSettings = {
				ALWAYS_SEARCH_USER_PATHS = NO;
				CLANG_ANALYZER_LOCALIZABILITY_NONLOCALIZED = YES;
				CLANG_ANALYZER_NONNULL = YES;
				CLANG_ANALYZER_NUMBER_OBJECT_CONVERSION = YES_AGGRESSIVE;
				CLANG_CXX_LANGUAGE_STANDARD = "gnu++17";
				CLANG_CXX_LIBRARY = "libc++";
				CLANG_ENABLE_MODULES = YES;
				CLANG_ENABLE_OBJC_ARC = YES;
				CLANG_ENABLE_OBJC_WEAK = YES;
				CLANG_WARN_BLOCK_CAPTURE_AUTORELEASING = YES;
				CLANG_WARN_BOOL_CONVERSION = YES;
				CLANG_WARN_COMMA = YES;
				CLANG_WARN_CONSTANT_CONVERSION = YES;
				CLANG_WARN_DEPRECATED_OBJC_IMPLEMENTATIONS = YES;
				CLANG_WARN_DIRECT_OBJC_ISA_USAGE = YES_ERROR;
				CLANG_WARN_DOCUMENTATION_COMMENTS = YES;
				CLANG_WARN_EMPTY_BODY = YES;
				CLANG_WARN_ENUM_CONVERSION = YES;
				CLANG_WARN_INFINITE_RECURSION = YES;
				CLANG_WARN_INT_CONVERSION = YES;
				CLANG_WARN_NON_LITERAL_NULL_CONVERSION = YES;
				CLANG_WARN_OBJC_IMPLICIT_RETAIN_SELF = YES;
				CLANG_WARN_OBJC_LITERAL_CONVERSION = YES;
				CLANG_WARN_OBJC_ROOT_CLASS = YES_ERROR;
				CLANG_WARN_QUOTED_INCLUDE_IN_FRAMEWORK_HEADER = YES;
				CLANG_WARN_RANGE_LOOP_ANALYSIS = YES;
				CLANG_WARN_STRICT_PROTOTYPES = YES;
				CLANG_WARN_SUSPICIOUS_MOVE = YES;
				CLANG_WARN_UNGUARDED_AVAILABILITY = YES_AGGRESSIVE;
				CLANG_WARN_UNREACHABLE_CODE = YES;
				CLANG_WARN__DUPLICATE_METHOD_MATCH = YES;
				COPY_PHASE_STRIP = NO;
				DEBUG_INFORMATION_FORMAT = dwarf;
				ENABLE_STRICT_OBJC_MSGSEND = YES;
				ENABLE_TESTABILITY = YES;
				ENABLE_USER_SCRIPT_SANDBOXING = YES;
				GCC_C_LANGUAGE_STANDARD = gnu11;
				GCC_DYNAMIC_NO_PIC = NO;
				GCC_NO_COMMON_BLOCKS = YES;
				GCC_OPTIMIZATION_LEVEL = 0;
				GCC_PREPROCESSOR_DEFINITIONS = (
					"DEBUG=1",
					"$(inherited)",
				);
				GCC_WARN_64_TO_32_BIT_CONVERSION = YES;
				GCC_WARN_ABOUT_RETURN_TYPE = YES_ERROR;
				GCC_WARN_UNDECLARED_SELECTOR = YES;
				GCC_WARN_UNINITIALIZED_AUTOS = YES_AGGRESSIVE;
				GCC_WARN_UNUSED_FUNCTION = YES;
				GCC_WARN_UNUSED_VARIABLE = YES;
				IPHONEOS_DEPLOYMENT_TARGET = 15.0;
				MTL_ENABLE_DEBUG_INFO = INCLUDE_SOURCE;
				MTL_FAST_MATH = YES;
				ONLY_ACTIVE_ARCH = YES;
				SDKROOT = iphoneos;
				SWIFT_ACTIVE_COMPILATION_CONDITIONS = DEBUG;
				SWIFT_OPTIMIZATION_LEVEL = "-Onone";
			};
			name = Debug;
		};
		2406589E2A59A894000AB645 /* Release */ = {
			isa = XCBuildConfiguration;
			buildSettings = {
				ALWAYS_SEARCH_USER_PATHS = NO;
				CLANG_ANALYZER_LOCALIZABILITY_NONLOCALIZED = YES;
				CLANG_ANALYZER_NONNULL = YES;
				CLANG_ANALYZER_NUMBER_OBJECT_CONVERSION = YES_AGGRESSIVE;
				CLANG_CXX_LANGUAGE_STANDARD = "gnu++17";
				CLANG_CXX_LIBRARY = "libc++";
				CLANG_ENABLE_MODULES = YES;
				CLANG_ENABLE_OBJC_ARC = YES;
				CLANG_ENABLE_OBJC_WEAK = YES;
				CLANG_WARN_BLOCK_CAPTURE_AUTORELEASING = YES;
				CLANG_WARN_BOOL_CONVERSION = YES;
				CLANG_WARN_COMMA = YES;
				CLANG_WARN_CONSTANT_CONVERSION = YES;
				CLANG_WARN_DEPRECATED_OBJC_IMPLEMENTATIONS = YES;
				CLANG_WARN_DIRECT_OBJC_ISA_USAGE = YES_ERROR;
				CLANG_WARN_DOCUMENTATION_COMMENTS = YES;
				CLANG_WARN_EMPTY_BODY = YES;
				CLANG_WARN_ENUM_CONVERSION = YES;
				CLANG_WARN_INFINITE_RECURSION = YES;
				CLANG_WARN_INT_CONVERSION = YES;
				CLANG_WARN_NON_LITERAL_NULL_CONVERSION = YES;
				CLANG_WARN_OBJC_IMPLICIT_RETAIN_SELF = YES;
				CLANG_WARN_OBJC_LITERAL_CONVERSION = YES;
				CLANG_WARN_OBJC_ROOT_CLASS = YES_ERROR;
				CLANG_WARN_QUOTED_INCLUDE_IN_FRAMEWORK_HEADER = YES;
				CLANG_WARN_RANGE_LOOP_ANALYSIS = YES;
				CLANG_WARN_STRICT_PROTOTYPES = YES;
				CLANG_WARN_SUSPICIOUS_MOVE = YES;
				CLANG_WARN_UNGUARDED_AVAILABILITY = YES_AGGRESSIVE;
				CLANG_WARN_UNREACHABLE_CODE = YES;
				CLANG_WARN__DUPLICATE_METHOD_MATCH = YES;
				COPY_PHASE_STRIP = NO;
				DEBUG_INFORMATION_FORMAT = "dwarf-with-dsym";
				ENABLE_NS_ASSERTIONS = NO;
				ENABLE_STRICT_OBJC_MSGSEND = YES;
				ENABLE_USER_SCRIPT_SANDBOXING = YES;
				GCC_C_LANGUAGE_STANDARD = gnu11;
				GCC_NO_COMMON_BLOCKS = YES;
				GCC_WARN_64_TO_32_BIT_CONVERSION = YES;
				GCC_WARN_ABOUT_RETURN_TYPE = YES_ERROR;
				GCC_WARN_UNDECLARED_SELECTOR = YES;
				GCC_WARN_UNINITIALIZED_AUTOS = YES_AGGRESSIVE;
				GCC_WARN_UNUSED_FUNCTION = YES;
				GCC_WARN_UNUSED_VARIABLE = YES;
				IPHONEOS_DEPLOYMENT_TARGET = 15.0;
				MTL_ENABLE_DEBUG_INFO = NO;
				MTL_FAST_MATH = YES;
				SDKROOT = iphoneos;
				SWIFT_COMPILATION_MODE = wholemodule;
				SWIFT_OPTIMIZATION_LEVEL = "-O";
				VALIDATE_PRODUCT = YES;
			};
			name = Release;
		};
		240658A02A59A894000AB645 /* Debug */ = {
			isa = XCBuildConfiguration;
			buildSettings = {
				ALWAYS_EMBED_SWIFT_STANDARD_LIBRARIES = YES;
				ASSETCATALOG_COMPILER_APPICON_NAME = AppIcon;
				ASSETCATALOG_COMPILER_GLOBAL_ACCENT_COLOR_NAME = AccentColor;
				CLANG_ENABLE_MODULES = YES;
				CODE_SIGN_ENTITLEMENTS = PushkaVPN/PushkaVPN.entitlements;
				CODE_SIGN_STYLE = Automatic;
				CURRENT_PROJECT_VERSION = 1;
				DEVELOPMENT_ASSET_PATHS = "\"PushkaVPN/Preview Content\"";
				DEVELOPMENT_TEAM = 75K4ZLY477;
				ENABLE_PREVIEWS = YES;
				GENERATE_INFOPLIST_FILE = YES;
				INFOPLIST_FILE = PushkaVPN/Info.plist;
				INFOPLIST_KEY_CFBundleDisplayName = PushkaVPN;
				INFOPLIST_KEY_LSApplicationCategoryType = "public.app-category.utilities";
				INFOPLIST_KEY_UIApplicationSupportsIndirectInputEvents = YES;
				INFOPLIST_KEY_UISupportedInterfaceOrientations = "UIInterfaceOrientationLandscapeLeft UIInterfaceOrientationLandscapeRight UIInterfaceOrientationPortrait";
				INFOPLIST_KEY_UISupportedInterfaceOrientations_iPad = "UIInterfaceOrientationLandscapeLeft UIInterfaceOrientationLandscapeRight UIInterfaceOrientationPortrait UIInterfaceOrientationPortraitUpsideDown";
				IPHONEOS_DEPLOYMENT_TARGET = 15.0;
				LD_RUNPATH_SEARCH_PATHS = (
					"$(inherited)",
					"@executable_path/Frameworks",
				);
				MARKETING_VERSION = 1.0;
				PRODUCT_BUNDLE_IDENTIFIER = com.Pushka.PushkaVPN;
				PRODUCT_NAME = "$(TARGET_NAME)";
				SUPPORTED_PLATFORMS = "iphoneos iphonesimulator";
				SUPPORTS_MACCATALYST = NO;
				SUPPORTS_MAC_DESIGNED_FOR_IPHONE_IPAD = NO;
				SUPPORTS_XR_DESIGNED_FOR_IPHONE_IPAD = NO;
				SWIFT_EMIT_LOC_STRINGS = YES;
				SWIFT_OBJC_BRIDGING_HEADER = "PushkaVPN/Shared/Logging/PushkaVPN-Bridging-Header.h";
				SWIFT_OPTIMIZATION_LEVEL = "-Onone";
				SWIFT_VERSION = 5.0;
				TARGETED_DEVICE_FAMILY = 1;
			};
			name = Debug;
		};
		240658A12A59A894000AB645 /* Release */ = {
			isa = XCBuildConfiguration;
			buildSettings = {
				ALWAYS_EMBED_SWIFT_STANDARD_LIBRARIES = YES;
				ASSETCATALOG_COMPILER_APPICON_NAME = AppIcon;
				ASSETCATALOG_COMPILER_GLOBAL_ACCENT_COLOR_NAME = AccentColor;
				CLANG_ENABLE_MODULES = YES;
				CODE_SIGN_ENTITLEMENTS = PushkaVPN/PushkaVPN.entitlements;
				CODE_SIGN_STYLE = Automatic;
				CURRENT_PROJECT_VERSION = 1;
				DEVELOPMENT_ASSET_PATHS = "\"PushkaVPN/Preview Content\"";
				DEVELOPMENT_TEAM = 75K4ZLY477;
				ENABLE_PREVIEWS = YES;
				GENERATE_INFOPLIST_FILE = YES;
				INFOPLIST_FILE = PushkaVPN/Info.plist;
				INFOPLIST_KEY_CFBundleDisplayName = PushkaVPN;
				INFOPLIST_KEY_LSApplicationCategoryType = "public.app-category.utilities";
				INFOPLIST_KEY_UIApplicationSupportsIndirectInputEvents = YES;
				INFOPLIST_KEY_UISupportedInterfaceOrientations = "UIInterfaceOrientationLandscapeLeft UIInterfaceOrientationLandscapeRight UIInterfaceOrientationPortrait";
				INFOPLIST_KEY_UISupportedInterfaceOrientations_iPad = "UIInterfaceOrientationLandscapeLeft UIInterfaceOrientationLandscapeRight UIInterfaceOrientationPortrait UIInterfaceOrientationPortraitUpsideDown";
				IPHONEOS_DEPLOYMENT_TARGET = 15.0;
				LD_RUNPATH_SEARCH_PATHS = (
					"$(inherited)",
					"@executable_path/Frameworks",
				);
				MARKETING_VERSION = 1.0;
				PRODUCT_BUNDLE_IDENTIFIER = com.Pushka.PushkaVPN;
				PRODUCT_NAME = "$(TARGET_NAME)";
				SUPPORTED_PLATFORMS = "iphoneos iphonesimulator";
				SUPPORTS_MACCATALYST = NO;
				SUPPORTS_MAC_DESIGNED_FOR_IPHONE_IPAD = NO;
				SUPPORTS_XR_DESIGNED_FOR_IPHONE_IPAD = NO;
				SWIFT_EMIT_LOC_STRINGS = YES;
				SWIFT_OBJC_BRIDGING_HEADER = "PushkaVPN/Shared/Logging/PushkaVPN-Bridging-Header.h";
				SWIFT_VERSION = 5.0;
				TARGETED_DEVICE_FAMILY = 1;
			};
			name = Release;
		};
		F9A123F62BED897D0058A9FA /* Debug */ = {
			isa = XCBuildConfiguration;
			buildSettings = {
				ASSETCATALOG_COMPILER_GENERATE_SWIFT_ASSET_SYMBOL_EXTENSIONS = YES;
				CLANG_CXX_LANGUAGE_STANDARD = "gnu++20";
				CODE_SIGN_STYLE = Automatic;
				DEBUGGING_SYMBOLS = YES;
				DEBUG_INFORMATION_FORMAT = dwarf;
				DEVELOPMENT_TEAM = 8ZDBVHR74W;
				GCC_C_LANGUAGE_STANDARD = gnu17;
				GCC_GENERATE_DEBUGGING_SYMBOLS = YES;
				GCC_OPTIMIZATION_LEVEL = 0;
				LOCALIZATION_PREFERS_STRING_CATALOGS = YES;
				OTHER_CFLAGS = "";
				OTHER_LDFLAGS = "";
				PRODUCT_NAME = "$(TARGET_NAME)";
			};
			name = Debug;
		};
		F9A123F72BED897D0058A9FA /* Release */ = {
			isa = XCBuildConfiguration;
			buildSettings = {
				ASSETCATALOG_COMPILER_GENERATE_SWIFT_ASSET_SYMBOL_EXTENSIONS = YES;
				CLANG_CXX_LANGUAGE_STANDARD = "gnu++20";
				CODE_SIGN_STYLE = Automatic;
				DEBUG_INFORMATION_FORMAT = "dwarf-with-dsym";
				DEVELOPMENT_TEAM = 8ZDBVHR74W;
				GCC_C_LANGUAGE_STANDARD = gnu17;
				LOCALIZATION_PREFERS_STRING_CATALOGS = YES;
				OTHER_CFLAGS = "";
				OTHER_LDFLAGS = "";
				PRODUCT_NAME = "$(TARGET_NAME)";
			};
			name = Release;
		};
		F9BE14D52C6AF13300A7CF30 /* Debug */ = {
			isa = XCBuildConfiguration;
			buildSettings = {
				ASSETCATALOG_COMPILER_GENERATE_SWIFT_ASSET_SYMBOL_EXTENSIONS = YES;
				CLANG_CXX_LANGUAGE_STANDARD = "gnu++20";
				CODE_SIGN_ENTITLEMENTS = WireConnect/WireConnect.entitlements;
				CODE_SIGN_STYLE = Automatic;
				CURRENT_PROJECT_VERSION = 1;
				DEVELOPMENT_TEAM = 75K4ZLY477;
				GCC_C_LANGUAGE_STANDARD = gnu17;
				GENERATE_INFOPLIST_FILE = YES;
				INFOPLIST_FILE = WireConnect/Info.plist;
				INFOPLIST_KEY_CFBundleDisplayName = WireConnect;
				INFOPLIST_KEY_NSHumanReadableCopyright = "";
				IPHONEOS_DEPLOYMENT_TARGET = 15.0;
				LD_RUNPATH_SEARCH_PATHS = (
					"$(inherited)",
					"@executable_path/Frameworks",
					"@executable_path/../../Frameworks",
				);
				LOCALIZATION_PREFERS_STRING_CATALOGS = YES;
				MARKETING_VERSION = 1.0;
				PRODUCT_BUNDLE_IDENTIFIER = com.Pushka.PushkaVPN.WireConnect;
				PRODUCT_NAME = "$(TARGET_NAME)";
				SKIP_INSTALL = YES;
				SWIFT_ACTIVE_COMPILATION_CONDITIONS = "DEBUG $(inherited)";
				SWIFT_EMIT_LOC_STRINGS = YES;
				SWIFT_VERSION = 5.0;
				TARGETED_DEVICE_FAMILY = "1,2";
			};
			name = Debug;
		};
		F9BE14D62C6AF13300A7CF30 /* Release */ = {
			isa = XCBuildConfiguration;
			buildSettings = {
				ASSETCATALOG_COMPILER_GENERATE_SWIFT_ASSET_SYMBOL_EXTENSIONS = YES;
				CLANG_CXX_LANGUAGE_STANDARD = "gnu++20";
				CODE_SIGN_ENTITLEMENTS = WireConnect/WireConnect.entitlements;
				CODE_SIGN_STYLE = Automatic;
				CURRENT_PROJECT_VERSION = 1;
				DEVELOPMENT_TEAM = 75K4ZLY477;
				GCC_C_LANGUAGE_STANDARD = gnu17;
				GENERATE_INFOPLIST_FILE = YES;
				INFOPLIST_FILE = WireConnect/Info.plist;
				INFOPLIST_KEY_CFBundleDisplayName = WireConnect;
				INFOPLIST_KEY_NSHumanReadableCopyright = "";
				IPHONEOS_DEPLOYMENT_TARGET = 15.0;
				LD_RUNPATH_SEARCH_PATHS = (
					"$(inherited)",
					"@executable_path/Frameworks",
					"@executable_path/../../Frameworks",
				);
				LOCALIZATION_PREFERS_STRING_CATALOGS = YES;
				MARKETING_VERSION = 1.0;
				PRODUCT_BUNDLE_IDENTIFIER = com.Pushka.PushkaVPN.WireConnect;
				PRODUCT_NAME = "$(TARGET_NAME)";
				SKIP_INSTALL = YES;
				SWIFT_EMIT_LOC_STRINGS = YES;
				SWIFT_VERSION = 5.0;
				TARGETED_DEVICE_FAMILY = "1,2";
			};
			name = Release;
		};
/* End XCBuildConfiguration section */

/* Begin XCConfigurationList section */
		2406588C2A59A892000AB645 /* Build configuration list for PBXProject "PushkaVPN" */ = {
			isa = XCConfigurationList;
			buildConfigurations = (
				2406589D2A59A894000AB645 /* Debug */,
				2406589E2A59A894000AB645 /* Release */,
			);
			defaultConfigurationIsVisible = 0;
			defaultConfigurationName = Release;
		};
		2406589F2A59A894000AB645 /* Build configuration list for PBXNativeTarget "PushkaVPN" */ = {
			isa = XCConfigurationList;
			buildConfigurations = (
				240658A02A59A894000AB645 /* Debug */,
				240658A12A59A894000AB645 /* Release */,
			);
			defaultConfigurationIsVisible = 0;
			defaultConfigurationName = Release;
		};
		F9A123F52BED897D0058A9FA /* Build configuration list for PBXLegacyTarget "WireGuardGoBridgeiOS" */ = {
			isa = XCConfigurationList;
			buildConfigurations = (
				F9A123F62BED897D0058A9FA /* Debug */,
				F9A123F72BED897D0058A9FA /* Release */,
			);
			defaultConfigurationIsVisible = 0;
			defaultConfigurationName = Release;
		};
		F9BE14D72C6AF13300A7CF30 /* Build configuration list for PBXNativeTarget "WireConnect" */ = {
			isa = XCConfigurationList;
			buildConfigurations = (
				F9BE14D52C6AF13300A7CF30 /* Debug */,
				F9BE14D62C6AF13300A7CF30 /* Release */,
			);
			defaultConfigurationIsVisible = 0;
			defaultConfigurationName = Release;
		};
/* End XCConfigurationList section */

/* Begin XCRemoteSwiftPackageReference section */
		243DC27A2AAFD89F004DB8D7 /* XCRemoteSwiftPackageReference "firebase-ios-sdk" */ = {
			isa = XCRemoteSwiftPackageReference;
			repositoryURL = "https://github.com/firebase/firebase-ios-sdk";
			requirement = {
				kind = upToNextMajorVersion;
				minimumVersion = 10.0.0;
			};
		};
		24CF174F2A5EEB2B000ABEEA /* XCRemoteSwiftPackageReference "GoogleSignIn-iOS" */ = {
			isa = XCRemoteSwiftPackageReference;
			repositoryURL = "https://github.com/google/GoogleSignIn-iOS";
			requirement = {
				kind = upToNextMajorVersion;
				minimumVersion = 7.0.0;
			};
		};
		F98D02DA2C553898002A4CF5 /* XCRemoteSwiftPackageReference "wireguard-apple" */ = {
			isa = XCRemoteSwiftPackageReference;
			repositoryURL = "https://git.zx2c4.com/wireguard-apple";
			requirement = {
				branch = master;
				kind = branch;
			};
		};
/* End XCRemoteSwiftPackageReference section */

/* Begin XCSwiftPackageProductDependency section */
		F98D02DB2C553992002A4CF5 /* WireGuardKit */ = {
			isa = XCSwiftPackageProductDependency;
			package = F98D02DA2C553898002A4CF5 /* XCRemoteSwiftPackageReference "wireguard-apple" */;
			productName = WireGuardKit;
		};
		F9A123B32BEC25060058A9FA /* WireGuardKit */ = {
			isa = XCSwiftPackageProductDependency;
			productName = WireGuardKit;
		};
		F9A123B52BEC25060058A9FA /* GoogleSignIn */ = {
			isa = XCSwiftPackageProductDependency;
			package = 24CF174F2A5EEB2B000ABEEA /* XCRemoteSwiftPackageReference "GoogleSignIn-iOS" */;
			productName = GoogleSignIn;
		};
		F9A123B72BEC25060058A9FA /* GoogleSignInSwift */ = {
			isa = XCSwiftPackageProductDependency;
			package = 24CF174F2A5EEB2B000ABEEA /* XCRemoteSwiftPackageReference "GoogleSignIn-iOS" */;
			productName = GoogleSignInSwift;
		};
		F9A123B92BEC25060058A9FA /* FirebaseAnalytics */ = {
			isa = XCSwiftPackageProductDependency;
			package = 243DC27A2AAFD89F004DB8D7 /* XCRemoteSwiftPackageReference "firebase-ios-sdk" */;
			productName = FirebaseAnalytics;
		};
		F9A123BB2BEC25060058A9FA /* FirebaseAnalyticsOnDeviceConversion */ = {
			isa = XCSwiftPackageProductDependency;
			package = 243DC27A2AAFD89F004DB8D7 /* XCRemoteSwiftPackageReference "firebase-ios-sdk" */;
			productName = FirebaseAnalyticsOnDeviceConversion;
		};
		F9A123BD2BEC25060058A9FA /* FirebaseAnalyticsSwift */ = {
			isa = XCSwiftPackageProductDependency;
			package = 243DC27A2AAFD89F004DB8D7 /* XCRemoteSwiftPackageReference "firebase-ios-sdk" */;
			productName = FirebaseAnalyticsSwift;
		};
		F9A123BF2BEC25060058A9FA /* FirebaseAnalyticsWithoutAdIdSupport */ = {
			isa = XCSwiftPackageProductDependency;
			package = 243DC27A2AAFD89F004DB8D7 /* XCRemoteSwiftPackageReference "firebase-ios-sdk" */;
			productName = FirebaseAnalyticsWithoutAdIdSupport;
		};
		F9A123C12BEC25060058A9FA /* FirebaseAppCheck */ = {
			isa = XCSwiftPackageProductDependency;
			package = 243DC27A2AAFD89F004DB8D7 /* XCRemoteSwiftPackageReference "firebase-ios-sdk" */;
			productName = FirebaseAppCheck;
		};
		F9A123C32BEC25060058A9FA /* FirebaseAppDistribution-Beta */ = {
			isa = XCSwiftPackageProductDependency;
			package = 243DC27A2AAFD89F004DB8D7 /* XCRemoteSwiftPackageReference "firebase-ios-sdk" */;
			productName = "FirebaseAppDistribution-Beta";
		};
		F9A123C52BEC25060058A9FA /* FirebaseAuth */ = {
			isa = XCSwiftPackageProductDependency;
			package = 243DC27A2AAFD89F004DB8D7 /* XCRemoteSwiftPackageReference "firebase-ios-sdk" */;
			productName = FirebaseAuth;
		};
		F9A123C72BEC25060058A9FA /* FirebaseAuthCombine-Community */ = {
			isa = XCSwiftPackageProductDependency;
			package = 243DC27A2AAFD89F004DB8D7 /* XCRemoteSwiftPackageReference "firebase-ios-sdk" */;
			productName = "FirebaseAuthCombine-Community";
		};
		F9A123C92BEC25060058A9FA /* FirebaseCrashlytics */ = {
			isa = XCSwiftPackageProductDependency;
			package = 243DC27A2AAFD89F004DB8D7 /* XCRemoteSwiftPackageReference "firebase-ios-sdk" */;
			productName = FirebaseCrashlytics;
		};
		F9A123CB2BEC25060058A9FA /* FirebaseDatabase */ = {
			isa = XCSwiftPackageProductDependency;
			package = 243DC27A2AAFD89F004DB8D7 /* XCRemoteSwiftPackageReference "firebase-ios-sdk" */;
			productName = FirebaseDatabase;
		};
		F9A123CD2BEC25060058A9FA /* FirebaseDatabaseSwift */ = {
			isa = XCSwiftPackageProductDependency;
			package = 243DC27A2AAFD89F004DB8D7 /* XCRemoteSwiftPackageReference "firebase-ios-sdk" */;
			productName = FirebaseDatabaseSwift;
		};
		F9A123CF2BEC25060058A9FA /* FirebaseDynamicLinks */ = {
			isa = XCSwiftPackageProductDependency;
			package = 243DC27A2AAFD89F004DB8D7 /* XCRemoteSwiftPackageReference "firebase-ios-sdk" */;
			productName = FirebaseDynamicLinks;
		};
		F9A123D12BEC25060058A9FA /* FirebaseFirestore */ = {
			isa = XCSwiftPackageProductDependency;
			package = 243DC27A2AAFD89F004DB8D7 /* XCRemoteSwiftPackageReference "firebase-ios-sdk" */;
			productName = FirebaseFirestore;
		};
		F9A123D32BEC25060058A9FA /* FirebaseFirestoreCombine-Community */ = {
			isa = XCSwiftPackageProductDependency;
			package = 243DC27A2AAFD89F004DB8D7 /* XCRemoteSwiftPackageReference "firebase-ios-sdk" */;
			productName = "FirebaseFirestoreCombine-Community";
		};
		F9A123D52BEC25060058A9FA /* FirebaseFirestoreSwift */ = {
			isa = XCSwiftPackageProductDependency;
			package = 243DC27A2AAFD89F004DB8D7 /* XCRemoteSwiftPackageReference "firebase-ios-sdk" */;
			productName = FirebaseFirestoreSwift;
		};
		F9A123D72BEC25060058A9FA /* FirebaseFunctions */ = {
			isa = XCSwiftPackageProductDependency;
			package = 243DC27A2AAFD89F004DB8D7 /* XCRemoteSwiftPackageReference "firebase-ios-sdk" */;
			productName = FirebaseFunctions;
		};
		F9A123D92BEC25060058A9FA /* FirebaseFunctionsCombine-Community */ = {
			isa = XCSwiftPackageProductDependency;
			package = 243DC27A2AAFD89F004DB8D7 /* XCRemoteSwiftPackageReference "firebase-ios-sdk" */;
			productName = "FirebaseFunctionsCombine-Community";
		};
		F9A123DB2BEC25060058A9FA /* FirebaseInAppMessaging-Beta */ = {
			isa = XCSwiftPackageProductDependency;
			package = 243DC27A2AAFD89F004DB8D7 /* XCRemoteSwiftPackageReference "firebase-ios-sdk" */;
			productName = "FirebaseInAppMessaging-Beta";
		};
		F9A123DD2BEC25060058A9FA /* FirebaseInAppMessagingSwift-Beta */ = {
			isa = XCSwiftPackageProductDependency;
			package = 243DC27A2AAFD89F004DB8D7 /* XCRemoteSwiftPackageReference "firebase-ios-sdk" */;
			productName = "FirebaseInAppMessagingSwift-Beta";
		};
		F9A123DF2BEC25060058A9FA /* FirebaseInstallations */ = {
			isa = XCSwiftPackageProductDependency;
			package = 243DC27A2AAFD89F004DB8D7 /* XCRemoteSwiftPackageReference "firebase-ios-sdk" */;
			productName = FirebaseInstallations;
		};
		F9A123E12BEC25060058A9FA /* FirebaseMessaging */ = {
			isa = XCSwiftPackageProductDependency;
			package = 243DC27A2AAFD89F004DB8D7 /* XCRemoteSwiftPackageReference "firebase-ios-sdk" */;
			productName = FirebaseMessaging;
		};
		F9A123E32BEC25060058A9FA /* FirebaseMLModelDownloader */ = {
			isa = XCSwiftPackageProductDependency;
			package = 243DC27A2AAFD89F004DB8D7 /* XCRemoteSwiftPackageReference "firebase-ios-sdk" */;
			productName = FirebaseMLModelDownloader;
		};
		F9A123E52BEC25060058A9FA /* FirebasePerformance */ = {
			isa = XCSwiftPackageProductDependency;
			package = 243DC27A2AAFD89F004DB8D7 /* XCRemoteSwiftPackageReference "firebase-ios-sdk" */;
			productName = FirebasePerformance;
		};
		F9A123E72BEC25060058A9FA /* FirebaseRemoteConfig */ = {
			isa = XCSwiftPackageProductDependency;
			package = 243DC27A2AAFD89F004DB8D7 /* XCRemoteSwiftPackageReference "firebase-ios-sdk" */;
			productName = FirebaseRemoteConfig;
		};
		F9A123E92BEC25060058A9FA /* FirebaseRemoteConfigSwift */ = {
			isa = XCSwiftPackageProductDependency;
			package = 243DC27A2AAFD89F004DB8D7 /* XCRemoteSwiftPackageReference "firebase-ios-sdk" */;
			productName = FirebaseRemoteConfigSwift;
		};
		F9A123EB2BEC25060058A9FA /* FirebaseStorage */ = {
			isa = XCSwiftPackageProductDependency;
			package = 243DC27A2AAFD89F004DB8D7 /* XCRemoteSwiftPackageReference "firebase-ios-sdk" */;
			productName = FirebaseStorage;
		};
		F9A123ED2BEC25070058A9FA /* FirebaseStorageCombine-Community */ = {
			isa = XCSwiftPackageProductDependency;
			package = 243DC27A2AAFD89F004DB8D7 /* XCRemoteSwiftPackageReference "firebase-ios-sdk" */;
			productName = "FirebaseStorageCombine-Community";
		};
		F9BE14D82C6AF14A00A7CF30 /* WireGuardKit */ = {
			isa = XCSwiftPackageProductDependency;
			productName = WireGuardKit;
		};
/* End XCSwiftPackageProductDependency section */
	};
	rootObject = 240658892A59A892000AB645 /* Project object */;
}
