// !$*UTF8*$!
{
	archiveVersion = 1;
	classes = {
	};
	objectVersion = 55;
	objects = {

/* Begin PBXBuildFile section */
		240658952A59A892000AB645 /* PushkaVPNApp.swift in Sources */ = {isa = PBXBuildFile; fileRef = 240658942A59A892000AB645 /* PushkaVPNApp.swift */; };
		240658992A59A894000AB645 /* Assets.xcassets in Resources */ = {isa = PBXBuildFile; fileRef = 240658982A59A894000AB645 /* Assets.xcassets */; };
		2406589C2A59A894000AB645 /* Preview Assets.xcassets in Resources */ = {isa = PBXBuildFile; fileRef = 2406589B2A59A894000AB645 /* Preview Assets.xcassets */; };
		240658A32A59AA15000AB645 /* LaunchScreen.swift in Sources */ = {isa = PBXBuildFile; fileRef = 240658A22A59AA15000AB645 /* LaunchScreen.swift */; };
		240658A92A59ADCD000AB645 /* SignIn.swift in Sources */ = {isa = PBXBuildFile; fileRef = 240658A82A59ADCD000AB645 /* SignIn.swift */; };
		243784752A6D6BFB003CA0EE /* SubscribeView.swift in Sources */ = {isa = PBXBuildFile; fileRef = 243784742A6D6BFB003CA0EE /* SubscribeView.swift */; };
		243784772A6D6EAD003CA0EE /* HelpView.swift in Sources */ = {isa = PBXBuildFile; fileRef = 243784762A6D6EAD003CA0EE /* HelpView.swift */; };
		243DC2792AAFD116004DB8D7 /* APIManager.swift in Sources */ = {isa = PBXBuildFile; fileRef = 243DC2782AAFD116004DB8D7 /* APIManager.swift */; };
		243DC27C2AAFD89F004DB8D7 /* FirebaseAnalytics in Frameworks */ = {isa = PBXBuildFile; productRef = 243DC27B2AAFD89F004DB8D7 /* FirebaseAnalytics */; };
		243DC27E2AAFD89F004DB8D7 /* FirebaseAnalyticsOnDeviceConversion in Frameworks */ = {isa = PBXBuildFile; productRef = 243DC27D2AAFD89F004DB8D7 /* FirebaseAnalyticsOnDeviceConversion */; };
		243DC2802AAFD89F004DB8D7 /* FirebaseAnalyticsSwift in Frameworks */ = {isa = PBXBuildFile; productRef = 243DC27F2AAFD89F004DB8D7 /* FirebaseAnalyticsSwift */; };
		243DC2822AAFD89F004DB8D7 /* FirebaseAnalyticsWithoutAdIdSupport in Frameworks */ = {isa = PBXBuildFile; productRef = 243DC2812AAFD89F004DB8D7 /* FirebaseAnalyticsWithoutAdIdSupport */; };
		243DC2842AAFD89F004DB8D7 /* FirebaseAppCheck in Frameworks */ = {isa = PBXBuildFile; productRef = 243DC2832AAFD89F004DB8D7 /* FirebaseAppCheck */; };
		243DC2862AAFD89F004DB8D7 /* FirebaseAppDistribution-Beta in Frameworks */ = {isa = PBXBuildFile; productRef = 243DC2852AAFD89F004DB8D7 /* FirebaseAppDistribution-Beta */; };
		243DC2882AAFD89F004DB8D7 /* FirebaseAuth in Frameworks */ = {isa = PBXBuildFile; productRef = 243DC2872AAFD89F004DB8D7 /* FirebaseAuth */; };
		243DC28A2AAFD89F004DB8D7 /* FirebaseAuthCombine-Community in Frameworks */ = {isa = PBXBuildFile; productRef = 243DC2892AAFD89F004DB8D7 /* FirebaseAuthCombine-Community */; };
		243DC28C2AAFD89F004DB8D7 /* FirebaseCrashlytics in Frameworks */ = {isa = PBXBuildFile; productRef = 243DC28B2AAFD89F004DB8D7 /* FirebaseCrashlytics */; };
		243DC28E2AAFD89F004DB8D7 /* FirebaseDatabase in Frameworks */ = {isa = PBXBuildFile; productRef = 243DC28D2AAFD89F004DB8D7 /* FirebaseDatabase */; };
		243DC2902AAFD89F004DB8D7 /* FirebaseDatabaseSwift in Frameworks */ = {isa = PBXBuildFile; productRef = 243DC28F2AAFD89F004DB8D7 /* FirebaseDatabaseSwift */; };
		243DC2922AAFD89F004DB8D7 /* FirebaseDynamicLinks in Frameworks */ = {isa = PBXBuildFile; productRef = 243DC2912AAFD89F004DB8D7 /* FirebaseDynamicLinks */; };
		243DC2942AAFD89F004DB8D7 /* FirebaseFirestore in Frameworks */ = {isa = PBXBuildFile; productRef = 243DC2932AAFD89F004DB8D7 /* FirebaseFirestore */; };
		243DC2962AAFD89F004DB8D7 /* FirebaseFirestoreCombine-Community in Frameworks */ = {isa = PBXBuildFile; productRef = 243DC2952AAFD89F004DB8D7 /* FirebaseFirestoreCombine-Community */; };
		243DC2982AAFD89F004DB8D7 /* FirebaseFirestoreSwift in Frameworks */ = {isa = PBXBuildFile; productRef = 243DC2972AAFD89F004DB8D7 /* FirebaseFirestoreSwift */; };
		243DC29A2AAFD89F004DB8D7 /* FirebaseFunctions in Frameworks */ = {isa = PBXBuildFile; productRef = 243DC2992AAFD89F004DB8D7 /* FirebaseFunctions */; };
		243DC29C2AAFD89F004DB8D7 /* FirebaseFunctionsCombine-Community in Frameworks */ = {isa = PBXBuildFile; productRef = 243DC29B2AAFD89F004DB8D7 /* FirebaseFunctionsCombine-Community */; };
		243DC29E2AAFD89F004DB8D7 /* FirebaseInAppMessaging-Beta in Frameworks */ = {isa = PBXBuildFile; productRef = 243DC29D2AAFD89F004DB8D7 /* FirebaseInAppMessaging-Beta */; };
		243DC2A02AAFD89F004DB8D7 /* FirebaseInAppMessagingSwift-Beta in Frameworks */ = {isa = PBXBuildFile; productRef = 243DC29F2AAFD89F004DB8D7 /* FirebaseInAppMessagingSwift-Beta */; };
		243DC2A22AAFD89F004DB8D7 /* FirebaseInstallations in Frameworks */ = {isa = PBXBuildFile; productRef = 243DC2A12AAFD89F004DB8D7 /* FirebaseInstallations */; };
		243DC2A42AAFD89F004DB8D7 /* FirebaseMLModelDownloader in Frameworks */ = {isa = PBXBuildFile; productRef = 243DC2A32AAFD89F004DB8D7 /* FirebaseMLModelDownloader */; };
		243DC2A62AAFD89F004DB8D7 /* FirebaseMessaging in Frameworks */ = {isa = PBXBuildFile; productRef = 243DC2A52AAFD89F004DB8D7 /* FirebaseMessaging */; };
		243DC2A82AAFD89F004DB8D7 /* FirebasePerformance in Frameworks */ = {isa = PBXBuildFile; productRef = 243DC2A72AAFD89F004DB8D7 /* FirebasePerformance */; };
		243DC2AA2AAFD89F004DB8D7 /* FirebaseRemoteConfig in Frameworks */ = {isa = PBXBuildFile; productRef = 243DC2A92AAFD89F004DB8D7 /* FirebaseRemoteConfig */; };
		243DC2AC2AAFD89F004DB8D7 /* FirebaseRemoteConfigSwift in Frameworks */ = {isa = PBXBuildFile; productRef = 243DC2AB2AAFD89F004DB8D7 /* FirebaseRemoteConfigSwift */; };
		243DC2AE2AAFD89F004DB8D7 /* FirebaseStorage in Frameworks */ = {isa = PBXBuildFile; productRef = 243DC2AD2AAFD89F004DB8D7 /* FirebaseStorage */; };
		243DC2B02AAFD89F004DB8D7 /* FirebaseStorageCombine-Community in Frameworks */ = {isa = PBXBuildFile; productRef = 243DC2AF2AAFD89F004DB8D7 /* FirebaseStorageCombine-Community */; };
		243DC2B22AAFE93C004DB8D7 /* ParseData.swift in Sources */ = {isa = PBXBuildFile; fileRef = 243DC2B12AAFE93C004DB8D7 /* ParseData.swift */; };
		243DC2B42AAFF06F004DB8D7 /* Location.swift in Sources */ = {isa = PBXBuildFile; fileRef = 243DC2B32AAFF06F004DB8D7 /* Location.swift */; };
		247BDDE22A67FD4D00632FE1 /* HomeView.swift in Sources */ = {isa = PBXBuildFile; fileRef = 247BDDE12A67FD4D00632FE1 /* HomeView.swift */; };
		247BDDE42A67FD6F00632FE1 /* PersonView.swift in Sources */ = {isa = PBXBuildFile; fileRef = 247BDDE32A67FD6F00632FE1 /* PersonView.swift */; };
		247BDDE62A67FD7D00632FE1 /* SettingsView.swift in Sources */ = {isa = PBXBuildFile; fileRef = 247BDDE52A67FD7D00632FE1 /* SettingsView.swift */; };
		247BDDEA2A697CA600632FE1 /* JoinButton.swift in Sources */ = {isa = PBXBuildFile; fileRef = 247BDDE92A697CA600632FE1 /* JoinButton.swift */; };
		247BDDEC2A69881400632FE1 /* WireGuard.swift in Sources */ = {isa = PBXBuildFile; fileRef = 247BDDEB2A69881400632FE1 /* WireGuard.swift */; };
		24A1061B2AB8EFBC00E7088B /* PIAWireguard in Frameworks */ = {isa = PBXBuildFile; productRef = 24A1061A2AB8EFBC00E7088B /* PIAWireguard */; };
		24C3B37B2A5FF56F00B1A6CB /* Utilities.swift in Sources */ = {isa = PBXBuildFile; fileRef = 24C3B37A2A5FF56F00B1A6CB /* Utilities.swift */; };
		24C878C92A5ABEF0001DA5DF /* HeadLogo.swift in Sources */ = {isa = PBXBuildFile; fileRef = 24C878C82A5ABEF0001DA5DF /* HeadLogo.swift */; };
		24C878CB2A5AE156001DA5DF /* SignUp.swift in Sources */ = {isa = PBXBuildFile; fileRef = 24C878CA2A5AE156001DA5DF /* SignUp.swift */; };
		24C878CF2A5AF1B7001DA5DF /* GoogleService-Info.plist in Resources */ = {isa = PBXBuildFile; fileRef = 24C878CE2A5AF1B7001DA5DF /* GoogleService-Info.plist */; };
		24C878D62A5AF3AD001DA5DF /* Authentication.swift in Sources */ = {isa = PBXBuildFile; fileRef = 24C878D52A5AF3AD001DA5DF /* Authentication.swift */; };
		24C878DA2A5B1155001DA5DF /* MainView.swift in Sources */ = {isa = PBXBuildFile; fileRef = 24C878D92A5B1155001DA5DF /* MainView.swift */; };
		24CF17512A5EEB2B000ABEEA /* GoogleSignIn in Frameworks */ = {isa = PBXBuildFile; productRef = 24CF17502A5EEB2B000ABEEA /* GoogleSignIn */; };
		24CF17532A5EEB2B000ABEEA /* GoogleSignInSwift in Frameworks */ = {isa = PBXBuildFile; productRef = 24CF17522A5EEB2B000ABEEA /* GoogleSignInSwift */; };
/* End PBXBuildFile section */

/* Begin PBXFileReference section */
		240658912A59A892000AB645 /* PushkaVPN.app */ = {isa = PBXFileReference; explicitFileType = wrapper.application; includeInIndex = 0; path = PushkaVPN.app; sourceTree = BUILT_PRODUCTS_DIR; };
		240658942A59A892000AB645 /* PushkaVPNApp.swift */ = {isa = PBXFileReference; lastKnownFileType = sourcecode.swift; path = PushkaVPNApp.swift; sourceTree = "<group>"; };
		240658982A59A894000AB645 /* Assets.xcassets */ = {isa = PBXFileReference; lastKnownFileType = folder.assetcatalog; path = Assets.xcassets; sourceTree = "<group>"; };
		2406589B2A59A894000AB645 /* Preview Assets.xcassets */ = {isa = PBXFileReference; lastKnownFileType = folder.assetcatalog; path = "Preview Assets.xcassets"; sourceTree = "<group>"; };
		240658A22A59AA15000AB645 /* LaunchScreen.swift */ = {isa = PBXFileReference; lastKnownFileType = sourcecode.swift; path = LaunchScreen.swift; sourceTree = "<group>"; };
		240658A82A59ADCD000AB645 /* SignIn.swift */ = {isa = PBXFileReference; lastKnownFileType = sourcecode.swift; path = SignIn.swift; sourceTree = "<group>"; };
		240658AA2A59B2D0000AB645 /* Info.plist */ = {isa = PBXFileReference; lastKnownFileType = text.plist; path = Info.plist; sourceTree = "<group>"; };
		243784742A6D6BFB003CA0EE /* SubscribeView.swift */ = {isa = PBXFileReference; lastKnownFileType = sourcecode.swift; path = SubscribeView.swift; sourceTree = "<group>"; };
		243784762A6D6EAD003CA0EE /* HelpView.swift */ = {isa = PBXFileReference; lastKnownFileType = sourcecode.swift; path = HelpView.swift; sourceTree = "<group>"; };
		243DC2782AAFD116004DB8D7 /* APIManager.swift */ = {isa = PBXFileReference; lastKnownFileType = sourcecode.swift; path = APIManager.swift; sourceTree = "<group>"; };
		243DC2B12AAFE93C004DB8D7 /* ParseData.swift */ = {isa = PBXFileReference; lastKnownFileType = sourcecode.swift; path = ParseData.swift; sourceTree = "<group>"; };
		243DC2B32AAFF06F004DB8D7 /* Location.swift */ = {isa = PBXFileReference; lastKnownFileType = sourcecode.swift; path = Location.swift; sourceTree = "<group>"; };
		247BDDE12A67FD4D00632FE1 /* HomeView.swift */ = {isa = PBXFileReference; lastKnownFileType = sourcecode.swift; path = HomeView.swift; sourceTree = "<group>"; };
		247BDDE32A67FD6F00632FE1 /* PersonView.swift */ = {isa = PBXFileReference; lastKnownFileType = sourcecode.swift; path = PersonView.swift; sourceTree = "<group>"; };
		247BDDE52A67FD7D00632FE1 /* SettingsView.swift */ = {isa = PBXFileReference; lastKnownFileType = sourcecode.swift; path = SettingsView.swift; sourceTree = "<group>"; };
		247BDDE92A697CA600632FE1 /* JoinButton.swift */ = {isa = PBXFileReference; lastKnownFileType = sourcecode.swift; path = JoinButton.swift; sourceTree = "<group>"; };
		247BDDEB2A69881400632FE1 /* WireGuard.swift */ = {isa = PBXFileReference; lastKnownFileType = sourcecode.swift; path = WireGuard.swift; sourceTree = "<group>"; };
		24C3B37A2A5FF56F00B1A6CB /* Utilities.swift */ = {isa = PBXFileReference; lastKnownFileType = sourcecode.swift; path = Utilities.swift; sourceTree = "<group>"; };
		24C878C82A5ABEF0001DA5DF /* HeadLogo.swift */ = {isa = PBXFileReference; lastKnownFileType = sourcecode.swift; path = HeadLogo.swift; sourceTree = "<group>"; };
		24C878CA2A5AE156001DA5DF /* SignUp.swift */ = {isa = PBXFileReference; lastKnownFileType = sourcecode.swift; path = SignUp.swift; sourceTree = "<group>"; };
		24C878CE2A5AF1B7001DA5DF /* GoogleService-Info.plist */ = {isa = PBXFileReference; fileEncoding = 4; lastKnownFileType = text.plist.xml; path = "GoogleService-Info.plist"; sourceTree = "<group>"; };
		24C878D52A5AF3AD001DA5DF /* Authentication.swift */ = {isa = PBXFileReference; lastKnownFileType = sourcecode.swift; path = Authentication.swift; sourceTree = "<group>"; };
		24C878D92A5B1155001DA5DF /* MainView.swift */ = {isa = PBXFileReference; lastKnownFileType = sourcecode.swift; path = MainView.swift; sourceTree = "<group>"; };
/* End PBXFileReference section */

/* Begin PBXFrameworksBuildPhase section */
		2406588E2A59A892000AB645 /* Frameworks */ = {
			isa = PBXFrameworksBuildPhase;
			buildActionMask = 2147483647;
			files = (
				243DC2A02AAFD89F004DB8D7 /* FirebaseInAppMessagingSwift-Beta in Frameworks */,
				243DC2902AAFD89F004DB8D7 /* FirebaseDatabaseSwift in Frameworks */,
				243DC28E2AAFD89F004DB8D7 /* FirebaseDatabase in Frameworks */,
				243DC2A42AAFD89F004DB8D7 /* FirebaseMLModelDownloader in Frameworks */,
				243DC2842AAFD89F004DB8D7 /* FirebaseAppCheck in Frameworks */,
				243DC29C2AAFD89F004DB8D7 /* FirebaseFunctionsCombine-Community in Frameworks */,
				243DC2A22AAFD89F004DB8D7 /* FirebaseInstallations in Frameworks */,
				24A1061B2AB8EFBC00E7088B /* PIAWireguard in Frameworks */,
				243DC2A62AAFD89F004DB8D7 /* FirebaseMessaging in Frameworks */,
				243DC2882AAFD89F004DB8D7 /* FirebaseAuth in Frameworks */,
				243DC2AA2AAFD89F004DB8D7 /* FirebaseRemoteConfig in Frameworks */,
				243DC2802AAFD89F004DB8D7 /* FirebaseAnalyticsSwift in Frameworks */,
				243DC2AE2AAFD89F004DB8D7 /* FirebaseStorage in Frameworks */,
				243DC2A82AAFD89F004DB8D7 /* FirebasePerformance in Frameworks */,
				243DC2942AAFD89F004DB8D7 /* FirebaseFirestore in Frameworks */,
				243DC29E2AAFD89F004DB8D7 /* FirebaseInAppMessaging-Beta in Frameworks */,
				24CF17532A5EEB2B000ABEEA /* GoogleSignInSwift in Frameworks */,
				243DC27E2AAFD89F004DB8D7 /* FirebaseAnalyticsOnDeviceConversion in Frameworks */,
				243DC2AC2AAFD89F004DB8D7 /* FirebaseRemoteConfigSwift in Frameworks */,
				243DC28A2AAFD89F004DB8D7 /* FirebaseAuthCombine-Community in Frameworks */,
				243DC29A2AAFD89F004DB8D7 /* FirebaseFunctions in Frameworks */,
				243DC2822AAFD89F004DB8D7 /* FirebaseAnalyticsWithoutAdIdSupport in Frameworks */,
				243DC2B02AAFD89F004DB8D7 /* FirebaseStorageCombine-Community in Frameworks */,
				243DC2962AAFD89F004DB8D7 /* FirebaseFirestoreCombine-Community in Frameworks */,
				243DC27C2AAFD89F004DB8D7 /* FirebaseAnalytics in Frameworks */,
				243DC28C2AAFD89F004DB8D7 /* FirebaseCrashlytics in Frameworks */,
				24CF17512A5EEB2B000ABEEA /* GoogleSignIn in Frameworks */,
				243DC2862AAFD89F004DB8D7 /* FirebaseAppDistribution-Beta in Frameworks */,
				243DC2922AAFD89F004DB8D7 /* FirebaseDynamicLinks in Frameworks */,
				243DC2982AAFD89F004DB8D7 /* FirebaseFirestoreSwift in Frameworks */,
			);
			runOnlyForDeploymentPostprocessing = 0;
		};
/* End PBXFrameworksBuildPhase section */

/* Begin PBXGroup section */
		240658882A59A892000AB645 = {
			isa = PBXGroup;
			children = (
				240658932A59A892000AB645 /* PushkaVPN */,
				240658922A59A892000AB645 /* Products */,
				245CACC42A9F4B3700DE7014 /* Frameworks */,
			);
			sourceTree = "<group>";
		};
		240658922A59A892000AB645 /* Products */ = {
			isa = PBXGroup;
			children = (
				240658912A59A892000AB645 /* PushkaVPN.app */,
			);
			name = Products;
			sourceTree = "<group>";
		};
		240658932A59A892000AB645 /* PushkaVPN */ = {
			isa = PBXGroup;
			children = (
				24C878CE2A5AF1B7001DA5DF /* GoogleService-Info.plist */,
				240658AA2A59B2D0000AB645 /* Info.plist */,
				240658942A59A892000AB645 /* PushkaVPNApp.swift */,
				24C3B3792A5FF55100B1A6CB /* Utilities */,
				240658A72A59AD9B000AB645 /* ViewModel */,
				240658A62A59AAB2000AB645 /* Model */,
				240658A52A59AAA7000AB645 /* View */,
				240658982A59A894000AB645 /* Assets.xcassets */,
				2406589A2A59A894000AB645 /* Preview Content */,
			);
			path = PushkaVPN;
			sourceTree = "<group>";
		};
		2406589A2A59A894000AB645 /* Preview Content */ = {
			isa = PBXGroup;
			children = (
				2406589B2A59A894000AB645 /* Preview Assets.xcassets */,
			);
			path = "Preview Content";
			sourceTree = "<group>";
		};
		240658A52A59AAA7000AB645 /* View */ = {
			isa = PBXGroup;
			children = (
				240658A82A59ADCD000AB645 /* SignIn.swift */,
				24C878CA2A5AE156001DA5DF /* SignUp.swift */,
				24C878C82A5ABEF0001DA5DF /* HeadLogo.swift */,
				247BDDE12A67FD4D00632FE1 /* HomeView.swift */,
				247BDDE32A67FD6F00632FE1 /* PersonView.swift */,
				247BDDE52A67FD7D00632FE1 /* SettingsView.swift */,
				247BDDE92A697CA600632FE1 /* JoinButton.swift */,
				243784742A6D6BFB003CA0EE /* SubscribeView.swift */,
				243784762A6D6EAD003CA0EE /* HelpView.swift */,
				243DC2B32AAFF06F004DB8D7 /* Location.swift */,
			);
			path = View;
			sourceTree = "<group>";
		};
		240658A62A59AAB2000AB645 /* Model */ = {
			isa = PBXGroup;
			children = (
				24C878D52A5AF3AD001DA5DF /* Authentication.swift */,
				247BDDEB2A69881400632FE1 /* WireGuard.swift */,
				243DC2782AAFD116004DB8D7 /* APIManager.swift */,
				243DC2B12AAFE93C004DB8D7 /* ParseData.swift */,
			);
			path = Model;
			sourceTree = "<group>";
		};
		240658A72A59AD9B000AB645 /* ViewModel */ = {
			isa = PBXGroup;
			children = (
				24C878D92A5B1155001DA5DF /* MainView.swift */,
				240658A22A59AA15000AB645 /* LaunchScreen.swift */,
			);
			path = ViewModel;
			sourceTree = "<group>";
		};
		245CACC42A9F4B3700DE7014 /* Frameworks */ = {
			isa = PBXGroup;
			children = (
			);
			name = Frameworks;
			sourceTree = "<group>";
		};
		24C3B3792A5FF55100B1A6CB /* Utilities */ = {
			isa = PBXGroup;
			children = (
				24C3B37A2A5FF56F00B1A6CB /* Utilities.swift */,
			);
			path = Utilities;
			sourceTree = "<group>";
		};
/* End PBXGroup section */

/* Begin PBXNativeTarget section */
		240658902A59A892000AB645 /* PushkaVPN */ = {
			isa = PBXNativeTarget;
			buildConfigurationList = 2406589F2A59A894000AB645 /* Build configuration list for PBXNativeTarget "PushkaVPN" */;
			buildPhases = (
				2406588D2A59A892000AB645 /* Sources */,
				2406588E2A59A892000AB645 /* Frameworks */,
				2406588F2A59A892000AB645 /* Resources */,
			);
			buildRules = (
			);
			dependencies = (
			);
			name = PushkaVPN;
			packageProductDependencies = (
				24CF17502A5EEB2B000ABEEA /* GoogleSignIn */,
				24CF17522A5EEB2B000ABEEA /* GoogleSignInSwift */,
				243DC27B2AAFD89F004DB8D7 /* FirebaseAnalytics */,
				243DC27D2AAFD89F004DB8D7 /* FirebaseAnalyticsOnDeviceConversion */,
				243DC27F2AAFD89F004DB8D7 /* FirebaseAnalyticsSwift */,
				243DC2812AAFD89F004DB8D7 /* FirebaseAnalyticsWithoutAdIdSupport */,
				243DC2832AAFD89F004DB8D7 /* FirebaseAppCheck */,
				243DC2852AAFD89F004DB8D7 /* FirebaseAppDistribution-Beta */,
				243DC2872AAFD89F004DB8D7 /* FirebaseAuth */,
				243DC2892AAFD89F004DB8D7 /* FirebaseAuthCombine-Community */,
				243DC28B2AAFD89F004DB8D7 /* FirebaseCrashlytics */,
				243DC28D2AAFD89F004DB8D7 /* FirebaseDatabase */,
				243DC28F2AAFD89F004DB8D7 /* FirebaseDatabaseSwift */,
				243DC2912AAFD89F004DB8D7 /* FirebaseDynamicLinks */,
				243DC2932AAFD89F004DB8D7 /* FirebaseFirestore */,
				243DC2952AAFD89F004DB8D7 /* FirebaseFirestoreCombine-Community */,
				243DC2972AAFD89F004DB8D7 /* FirebaseFirestoreSwift */,
				243DC2992AAFD89F004DB8D7 /* FirebaseFunctions */,
				243DC29B2AAFD89F004DB8D7 /* FirebaseFunctionsCombine-Community */,
				243DC29D2AAFD89F004DB8D7 /* FirebaseInAppMessaging-Beta */,
				243DC29F2AAFD89F004DB8D7 /* FirebaseInAppMessagingSwift-Beta */,
				243DC2A12AAFD89F004DB8D7 /* FirebaseInstallations */,
				243DC2A32AAFD89F004DB8D7 /* FirebaseMLModelDownloader */,
				243DC2A52AAFD89F004DB8D7 /* FirebaseMessaging */,
				243DC2A72AAFD89F004DB8D7 /* FirebasePerformance */,
				243DC2A92AAFD89F004DB8D7 /* FirebaseRemoteConfig */,
				243DC2AB2AAFD89F004DB8D7 /* FirebaseRemoteConfigSwift */,
				243DC2AD2AAFD89F004DB8D7 /* FirebaseStorage */,
				243DC2AF2AAFD89F004DB8D7 /* FirebaseStorageCombine-Community */,
				24A1061A2AB8EFBC00E7088B /* PIAWireguard */,
			);
			productName = PushkaVPN;
			productReference = 240658912A59A892000AB645 /* PushkaVPN.app */;
			productType = "com.apple.product-type.application";
		};
/* End PBXNativeTarget section */

/* Begin PBXProject section */
		240658892A59A892000AB645 /* Project object */ = {
			isa = PBXProject;
			attributes = {
				BuildIndependentTargetsInParallel = 1;
				LastSwiftUpdateCheck = 1320;
				LastUpgradeCheck = 1320;
				TargetAttributes = {
					240658902A59A892000AB645 = {
						CreatedOnToolsVersion = 13.2.1;
					};
				};
			};
			buildConfigurationList = 2406588C2A59A892000AB645 /* Build configuration list for PBXProject "PushkaVPN" */;
			compatibilityVersion = "Xcode 13.0";
			developmentRegion = en;
			hasScannedForEncodings = 0;
			knownRegions = (
				en,
				Base,
				ru,
			);
			mainGroup = 240658882A59A892000AB645;
			packageReferences = (
				24CF174F2A5EEB2B000ABEEA /* XCRemoteSwiftPackageReference "GoogleSignIn-iOS" */,
				243DC27A2AAFD89F004DB8D7 /* XCRemoteSwiftPackageReference "firebase-ios-sdk" */,
				24A106192AB8EFBC00E7088B /* XCRemoteSwiftPackageReference "ios-wireguard" */,
			);
			productRefGroup = 240658922A59A892000AB645 /* Products */;
			projectDirPath = "";
			projectRoot = "";
			targets = (
				240658902A59A892000AB645 /* PushkaVPN */,
			);
		};
/* End PBXProject section */

/* Begin PBXResourcesBuildPhase section */
		2406588F2A59A892000AB645 /* Resources */ = {
			isa = PBXResourcesBuildPhase;
			buildActionMask = 2147483647;
			files = (
				2406589C2A59A894000AB645 /* Preview Assets.xcassets in Resources */,
				240658992A59A894000AB645 /* Assets.xcassets in Resources */,
				24C878CF2A5AF1B7001DA5DF /* GoogleService-Info.plist in Resources */,
			);
			runOnlyForDeploymentPostprocessing = 0;
		};
/* End PBXResourcesBuildPhase section */

/* Begin PBXSourcesBuildPhase section */
		2406588D2A59A892000AB645 /* Sources */ = {
			isa = PBXSourcesBuildPhase;
			buildActionMask = 2147483647;
			files = (
				243DC2792AAFD116004DB8D7 /* APIManager.swift in Sources */,
				247BDDE22A67FD4D00632FE1 /* HomeView.swift in Sources */,
				243DC2B22AAFE93C004DB8D7 /* ParseData.swift in Sources */,
				243784752A6D6BFB003CA0EE /* SubscribeView.swift in Sources */,
				243DC2B42AAFF06F004DB8D7 /* Location.swift in Sources */,
				240658952A59A892000AB645 /* PushkaVPNApp.swift in Sources */,
				24C878DA2A5B1155001DA5DF /* MainView.swift in Sources */,
				247BDDEA2A697CA600632FE1 /* JoinButton.swift in Sources */,
				24C878D62A5AF3AD001DA5DF /* Authentication.swift in Sources */,
				240658A92A59ADCD000AB645 /* SignIn.swift in Sources */,
				247BDDE42A67FD6F00632FE1 /* PersonView.swift in Sources */,
				24C878C92A5ABEF0001DA5DF /* HeadLogo.swift in Sources */,
				24C878CB2A5AE156001DA5DF /* SignUp.swift in Sources */,
				24C3B37B2A5FF56F00B1A6CB /* Utilities.swift in Sources */,
				240658A32A59AA15000AB645 /* LaunchScreen.swift in Sources */,
				247BDDEC2A69881400632FE1 /* WireGuard.swift in Sources */,
				243784772A6D6EAD003CA0EE /* HelpView.swift in Sources */,
				247BDDE62A67FD7D00632FE1 /* SettingsView.swift in Sources */,
			);
			runOnlyForDeploymentPostprocessing = 0;
		};
/* End PBXSourcesBuildPhase section */

/* Begin XCBuildConfiguration section */
		2406589D2A59A894000AB645 /* Debug */ = {
			isa = XCBuildConfiguration;
			buildSettings = {
				ALWAYS_SEARCH_USER_PATHS = NO;
				CLANG_ANALYZER_NONNULL = YES;
				CLANG_ANALYZER_NUMBER_OBJECT_CONVERSION = YES_AGGRESSIVE;
				CLANG_CXX_LANGUAGE_STANDARD = "gnu++17";
				CLANG_CXX_LIBRARY = "libc++";
				CLANG_ENABLE_MODULES = YES;
				CLANG_ENABLE_OBJC_ARC = YES;
				CLANG_ENABLE_OBJC_WEAK = YES;
				CLANG_WARN_BLOCK_CAPTURE_AUTORELEASING = YES;
				CLANG_WARN_BOOL_CONVERSION = YES;
				CLANG_WARN_COMMA = YES;
				CLANG_WARN_CONSTANT_CONVERSION = YES;
				CLANG_WARN_DEPRECATED_OBJC_IMPLEMENTATIONS = YES;
				CLANG_WARN_DIRECT_OBJC_ISA_USAGE = YES_ERROR;
				CLANG_WARN_DOCUMENTATION_COMMENTS = YES;
				CLANG_WARN_EMPTY_BODY = YES;
				CLANG_WARN_ENUM_CONVERSION = YES;
				CLANG_WARN_INFINITE_RECURSION = YES;
				CLANG_WARN_INT_CONVERSION = YES;
				CLANG_WARN_NON_LITERAL_NULL_CONVERSION = YES;
				CLANG_WARN_OBJC_IMPLICIT_RETAIN_SELF = YES;
				CLANG_WARN_OBJC_LITERAL_CONVERSION = YES;
				CLANG_WARN_OBJC_ROOT_CLASS = YES_ERROR;
				CLANG_WARN_QUOTED_INCLUDE_IN_FRAMEWORK_HEADER = YES;
				CLANG_WARN_RANGE_LOOP_ANALYSIS = YES;
				CLANG_WARN_STRICT_PROTOTYPES = YES;
				CLANG_WARN_SUSPICIOUS_MOVE = YES;
				CLANG_WARN_UNGUARDED_AVAILABILITY = YES_AGGRESSIVE;
				CLANG_WARN_UNREACHABLE_CODE = YES;
				CLANG_WARN__DUPLICATE_METHOD_MATCH = YES;
				COPY_PHASE_STRIP = NO;
				DEBUG_INFORMATION_FORMAT = dwarf;
				ENABLE_STRICT_OBJC_MSGSEND = YES;
				ENABLE_TESTABILITY = YES;
				GCC_C_LANGUAGE_STANDARD = gnu11;
				GCC_DYNAMIC_NO_PIC = NO;
				GCC_NO_COMMON_BLOCKS = YES;
				GCC_OPTIMIZATION_LEVEL = 0;
				GCC_PREPROCESSOR_DEFINITIONS = (
					"DEBUG=1",
					"$(inherited)",
				);
				GCC_WARN_64_TO_32_BIT_CONVERSION = YES;
				GCC_WARN_ABOUT_RETURN_TYPE = YES_ERROR;
				GCC_WARN_UNDECLARED_SELECTOR = YES;
				GCC_WARN_UNINITIALIZED_AUTOS = YES_AGGRESSIVE;
				GCC_WARN_UNUSED_FUNCTION = YES;
				GCC_WARN_UNUSED_VARIABLE = YES;
				IPHONEOS_DEPLOYMENT_TARGET = 16.4;
				MTL_ENABLE_DEBUG_INFO = INCLUDE_SOURCE;
				MTL_FAST_MATH = YES;
				ONLY_ACTIVE_ARCH = YES;
				SDKROOT = iphoneos;
				SWIFT_ACTIVE_COMPILATION_CONDITIONS = DEBUG;
				SWIFT_OPTIMIZATION_LEVEL = "-Onone";
			};
			name = Debug;
		};
		2406589E2A59A894000AB645 /* Release */ = {
			isa = XCBuildConfiguration;
			buildSettings = {
				ALWAYS_SEARCH_USER_PATHS = NO;
				CLANG_ANALYZER_NONNULL = YES;
				CLANG_ANALYZER_NUMBER_OBJECT_CONVERSION = YES_AGGRESSIVE;
				CLANG_CXX_LANGUAGE_STANDARD = "gnu++17";
				CLANG_CXX_LIBRARY = "libc++";
				CLANG_ENABLE_MODULES = YES;
				CLANG_ENABLE_OBJC_ARC = YES;
				CLANG_ENABLE_OBJC_WEAK = YES;
				CLANG_WARN_BLOCK_CAPTURE_AUTORELEASING = YES;
				CLANG_WARN_BOOL_CONVERSION = YES;
				CLANG_WARN_COMMA = YES;
				CLANG_WARN_CONSTANT_CONVERSION = YES;
				CLANG_WARN_DEPRECATED_OBJC_IMPLEMENTATIONS = YES;
				CLANG_WARN_DIRECT_OBJC_ISA_USAGE = YES_ERROR;
				CLANG_WARN_DOCUMENTATION_COMMENTS = YES;
				CLANG_WARN_EMPTY_BODY = YES;
				CLANG_WARN_ENUM_CONVERSION = YES;
				CLANG_WARN_INFINITE_RECURSION = YES;
				CLANG_WARN_INT_CONVERSION = YES;
				CLANG_WARN_NON_LITERAL_NULL_CONVERSION = YES;
				CLANG_WARN_OBJC_IMPLICIT_RETAIN_SELF = YES;
				CLANG_WARN_OBJC_LITERAL_CONVERSION = YES;
				CLANG_WARN_OBJC_ROOT_CLASS = YES_ERROR;
				CLANG_WARN_QUOTED_INCLUDE_IN_FRAMEWORK_HEADER = YES;
				CLANG_WARN_RANGE_LOOP_ANALYSIS = YES;
				CLANG_WARN_STRICT_PROTOTYPES = YES;
				CLANG_WARN_SUSPICIOUS_MOVE = YES;
				CLANG_WARN_UNGUARDED_AVAILABILITY = YES_AGGRESSIVE;
				CLANG_WARN_UNREACHABLE_CODE = YES;
				CLANG_WARN__DUPLICATE_METHOD_MATCH = YES;
				COPY_PHASE_STRIP = NO;
				DEBUG_INFORMATION_FORMAT = "dwarf-with-dsym";
				ENABLE_NS_ASSERTIONS = NO;
				ENABLE_STRICT_OBJC_MSGSEND = YES;
				GCC_C_LANGUAGE_STANDARD = gnu11;
				GCC_NO_COMMON_BLOCKS = YES;
				GCC_WARN_64_TO_32_BIT_CONVERSION = YES;
				GCC_WARN_ABOUT_RETURN_TYPE = YES_ERROR;
				GCC_WARN_UNDECLARED_SELECTOR = YES;
				GCC_WARN_UNINITIALIZED_AUTOS = YES_AGGRESSIVE;
				GCC_WARN_UNUSED_FUNCTION = YES;
				GCC_WARN_UNUSED_VARIABLE = YES;
				IPHONEOS_DEPLOYMENT_TARGET = 16.4;
				MTL_ENABLE_DEBUG_INFO = NO;
				MTL_FAST_MATH = YES;
				SDKROOT = iphoneos;
				SWIFT_COMPILATION_MODE = wholemodule;
				SWIFT_OPTIMIZATION_LEVEL = "-O";
				VALIDATE_PRODUCT = YES;
			};
			name = Release;
		};
		240658A02A59A894000AB645 /* Debug */ = {
			isa = XCBuildConfiguration;
			buildSettings = {
				ASSETCATALOG_COMPILER_APPICON_NAME = AppIcon;
				ASSETCATALOG_COMPILER_GLOBAL_ACCENT_COLOR_NAME = AccentColor;
				CODE_SIGN_STYLE = Automatic;
				CURRENT_PROJECT_VERSION = 1;
				DEVELOPMENT_ASSET_PATHS = "\"PushkaVPN/Preview Content\"";
				DEVELOPMENT_TEAM = 8ZDBVHR74W;
				ENABLE_PREVIEWS = YES;
				GENERATE_INFOPLIST_FILE = YES;
				INFOPLIST_FILE = PushkaVPN/Info.plist;
				INFOPLIST_KEY_CFBundleDisplayName = PushkaVPN;
				INFOPLIST_KEY_LSApplicationCategoryType = "public.app-category.utilities";
				INFOPLIST_KEY_UIApplicationSceneManifest_Generation = YES;
				INFOPLIST_KEY_UIApplicationSupportsIndirectInputEvents = YES;
				INFOPLIST_KEY_UISupportedInterfaceOrientations_iPad = "UIInterfaceOrientationPortrait UIInterfaceOrientationPortraitUpsideDown UIInterfaceOrientationLandscapeLeft UIInterfaceOrientationLandscapeRight";
				INFOPLIST_KEY_UISupportedInterfaceOrientations_iPhone = "UIInterfaceOrientationPortrait UIInterfaceOrientationLandscapeLeft UIInterfaceOrientationLandscapeRight";
				IPHONEOS_DEPLOYMENT_TARGET = 16.4;
				LD_RUNPATH_SEARCH_PATHS = (
					"$(inherited)",
					"@executable_path/Frameworks",
				);
				MARKETING_VERSION = 1.0;
				PRODUCT_BUNDLE_IDENTIFIER = com.NGK.PushkaVPN;
				PRODUCT_NAME = "$(TARGET_NAME)";
				SWIFT_EMIT_LOC_STRINGS = YES;
				SWIFT_VERSION = 5.0;
				TARGETED_DEVICE_FAMILY = "1,2";
			};
			name = Debug;
		};
		240658A12A59A894000AB645 /* Release */ = {
			isa = XCBuildConfiguration;
			buildSettings = {
				ASSETCATALOG_COMPILER_APPICON_NAME = AppIcon;
				ASSETCATALOG_COMPILER_GLOBAL_ACCENT_COLOR_NAME = AccentColor;
				CODE_SIGN_STYLE = Automatic;
				CURRENT_PROJECT_VERSION = 1;
				DEVELOPMENT_ASSET_PATHS = "\"PushkaVPN/Preview Content\"";
				DEVELOPMENT_TEAM = 8ZDBVHR74W;
				ENABLE_PREVIEWS = YES;
				GENERATE_INFOPLIST_FILE = YES;
				INFOPLIST_FILE = PushkaVPN/Info.plist;
				INFOPLIST_KEY_CFBundleDisplayName = PushkaVPN;
				INFOPLIST_KEY_LSApplicationCategoryType = "public.app-category.utilities";
				INFOPLIST_KEY_UIApplicationSceneManifest_Generation = YES;
				INFOPLIST_KEY_UIApplicationSupportsIndirectInputEvents = YES;
				INFOPLIST_KEY_UISupportedInterfaceOrientations_iPad = "UIInterfaceOrientationPortrait UIInterfaceOrientationPortraitUpsideDown UIInterfaceOrientationLandscapeLeft UIInterfaceOrientationLandscapeRight";
				INFOPLIST_KEY_UISupportedInterfaceOrientations_iPhone = "UIInterfaceOrientationPortrait UIInterfaceOrientationLandscapeLeft UIInterfaceOrientationLandscapeRight";
				IPHONEOS_DEPLOYMENT_TARGET = 16.4;
				LD_RUNPATH_SEARCH_PATHS = (
					"$(inherited)",
					"@executable_path/Frameworks",
				);
				MARKETING_VERSION = 1.0;
				PRODUCT_BUNDLE_IDENTIFIER = com.NGK.PushkaVPN;
				PRODUCT_NAME = "$(TARGET_NAME)";
				SWIFT_EMIT_LOC_STRINGS = YES;
				SWIFT_VERSION = 5.0;
				TARGETED_DEVICE_FAMILY = "1,2";
			};
			name = Release;
		};
/* End XCBuildConfiguration section */

/* Begin XCConfigurationList section */
		2406588C2A59A892000AB645 /* Build configuration list for PBXProject "PushkaVPN" */ = {
			isa = XCConfigurationList;
			buildConfigurations = (
				2406589D2A59A894000AB645 /* Debug */,
				2406589E2A59A894000AB645 /* Release */,
			);
			defaultConfigurationIsVisible = 0;
			defaultConfigurationName = Release;
		};
		2406589F2A59A894000AB645 /* Build configuration list for PBXNativeTarget "PushkaVPN" */ = {
			isa = XCConfigurationList;
			buildConfigurations = (
				240658A02A59A894000AB645 /* Debug */,
				240658A12A59A894000AB645 /* Release */,
			);
			defaultConfigurationIsVisible = 0;
			defaultConfigurationName = Release;
		};
/* End XCConfigurationList section */

/* Begin XCRemoteSwiftPackageReference section */
		243DC27A2AAFD89F004DB8D7 /* XCRemoteSwiftPackageReference "firebase-ios-sdk" */ = {
			isa = XCRemoteSwiftPackageReference;
			repositoryURL = "https://github.com/firebase/firebase-ios-sdk";
			requirement = {
				kind = upToNextMajorVersion;
				minimumVersion = 10.0.0;
			};
		};
		24A106192AB8EFBC00E7088B /* XCRemoteSwiftPackageReference "ios-wireguard" */ = {
			isa = XCRemoteSwiftPackageReference;
			repositoryURL = "https://github.com/pia-foss/ios-wireguard";
			requirement = {
				branch = master;
				kind = branch;
			};
		};
		24CF174F2A5EEB2B000ABEEA /* XCRemoteSwiftPackageReference "GoogleSignIn-iOS" */ = {
			isa = XCRemoteSwiftPackageReference;
			repositoryURL = "https://github.com/google/GoogleSignIn-iOS";
			requirement = {
				kind = upToNextMajorVersion;
				minimumVersion = 7.0.0;
			};
		};
/* End XCRemoteSwiftPackageReference section */

/* Begin XCSwiftPackageProductDependency section */
		243DC27B2AAFD89F004DB8D7 /* FirebaseAnalytics */ = {
			isa = XCSwiftPackageProductDependency;
			package = 243DC27A2AAFD89F004DB8D7 /* XCRemoteSwiftPackageReference "firebase-ios-sdk" */;
			productName = FirebaseAnalytics;
		};
		243DC27D2AAFD89F004DB8D7 /* FirebaseAnalyticsOnDeviceConversion */ = {
			isa = XCSwiftPackageProductDependency;
			package = 243DC27A2AAFD89F004DB8D7 /* XCRemoteSwiftPackageReference "firebase-ios-sdk" */;
			productName = FirebaseAnalyticsOnDeviceConversion;
		};
		243DC27F2AAFD89F004DB8D7 /* FirebaseAnalyticsSwift */ = {
			isa = XCSwiftPackageProductDependency;
			package = 243DC27A2AAFD89F004DB8D7 /* XCRemoteSwiftPackageReference "firebase-ios-sdk" */;
			productName = FirebaseAnalyticsSwift;
		};
		243DC2812AAFD89F004DB8D7 /* FirebaseAnalyticsWithoutAdIdSupport */ = {
			isa = XCSwiftPackageProductDependency;
			package = 243DC27A2AAFD89F004DB8D7 /* XCRemoteSwiftPackageReference "firebase-ios-sdk" */;
			productName = FirebaseAnalyticsWithoutAdIdSupport;
		};
		243DC2832AAFD89F004DB8D7 /* FirebaseAppCheck */ = {
			isa = XCSwiftPackageProductDependency;
			package = 243DC27A2AAFD89F004DB8D7 /* XCRemoteSwiftPackageReference "firebase-ios-sdk" */;
			productName = FirebaseAppCheck;
		};
		243DC2852AAFD89F004DB8D7 /* FirebaseAppDistribution-Beta */ = {
			isa = XCSwiftPackageProductDependency;
			package = 243DC27A2AAFD89F004DB8D7 /* XCRemoteSwiftPackageReference "firebase-ios-sdk" */;
			productName = "FirebaseAppDistribution-Beta";
		};
		243DC2872AAFD89F004DB8D7 /* FirebaseAuth */ = {
			isa = XCSwiftPackageProductDependency;
			package = 243DC27A2AAFD89F004DB8D7 /* XCRemoteSwiftPackageReference "firebase-ios-sdk" */;
			productName = FirebaseAuth;
		};
		243DC2892AAFD89F004DB8D7 /* FirebaseAuthCombine-Community */ = {
			isa = XCSwiftPackageProductDependency;
			package = 243DC27A2AAFD89F004DB8D7 /* XCRemoteSwiftPackageReference "firebase-ios-sdk" */;
			productName = "FirebaseAuthCombine-Community";
		};
		243DC28B2AAFD89F004DB8D7 /* FirebaseCrashlytics */ = {
			isa = XCSwiftPackageProductDependency;
			package = 243DC27A2AAFD89F004DB8D7 /* XCRemoteSwiftPackageReference "firebase-ios-sdk" */;
			productName = FirebaseCrashlytics;
		};
		243DC28D2AAFD89F004DB8D7 /* FirebaseDatabase */ = {
			isa = XCSwiftPackageProductDependency;
			package = 243DC27A2AAFD89F004DB8D7 /* XCRemoteSwiftPackageReference "firebase-ios-sdk" */;
			productName = FirebaseDatabase;
		};
		243DC28F2AAFD89F004DB8D7 /* FirebaseDatabaseSwift */ = {
			isa = XCSwiftPackageProductDependency;
			package = 243DC27A2AAFD89F004DB8D7 /* XCRemoteSwiftPackageReference "firebase-ios-sdk" */;
			productName = FirebaseDatabaseSwift;
		};
		243DC2912AAFD89F004DB8D7 /* FirebaseDynamicLinks */ = {
			isa = XCSwiftPackageProductDependency;
			package = 243DC27A2AAFD89F004DB8D7 /* XCRemoteSwiftPackageReference "firebase-ios-sdk" */;
			productName = FirebaseDynamicLinks;
		};
		243DC2932AAFD89F004DB8D7 /* FirebaseFirestore */ = {
			isa = XCSwiftPackageProductDependency;
			package = 243DC27A2AAFD89F004DB8D7 /* XCRemoteSwiftPackageReference "firebase-ios-sdk" */;
			productName = FirebaseFirestore;
		};
		243DC2952AAFD89F004DB8D7 /* FirebaseFirestoreCombine-Community */ = {
			isa = XCSwiftPackageProductDependency;
			package = 243DC27A2AAFD89F004DB8D7 /* XCRemoteSwiftPackageReference "firebase-ios-sdk" */;
			productName = "FirebaseFirestoreCombine-Community";
		};
		243DC2972AAFD89F004DB8D7 /* FirebaseFirestoreSwift */ = {
			isa = XCSwiftPackageProductDependency;
			package = 243DC27A2AAFD89F004DB8D7 /* XCRemoteSwiftPackageReference "firebase-ios-sdk" */;
			productName = FirebaseFirestoreSwift;
		};
		243DC2992AAFD89F004DB8D7 /* FirebaseFunctions */ = {
			isa = XCSwiftPackageProductDependency;
			package = 243DC27A2AAFD89F004DB8D7 /* XCRemoteSwiftPackageReference "firebase-ios-sdk" */;
			productName = FirebaseFunctions;
		};
		243DC29B2AAFD89F004DB8D7 /* FirebaseFunctionsCombine-Community */ = {
			isa = XCSwiftPackageProductDependency;
			package = 243DC27A2AAFD89F004DB8D7 /* XCRemoteSwiftPackageReference "firebase-ios-sdk" */;
			productName = "FirebaseFunctionsCombine-Community";
		};
		243DC29D2AAFD89F004DB8D7 /* FirebaseInAppMessaging-Beta */ = {
			isa = XCSwiftPackageProductDependency;
			package = 243DC27A2AAFD89F004DB8D7 /* XCRemoteSwiftPackageReference "firebase-ios-sdk" */;
			productName = "FirebaseInAppMessaging-Beta";
		};
		243DC29F2AAFD89F004DB8D7 /* FirebaseInAppMessagingSwift-Beta */ = {
			isa = XCSwiftPackageProductDependency;
			package = 243DC27A2AAFD89F004DB8D7 /* XCRemoteSwiftPackageReference "firebase-ios-sdk" */;
			productName = "FirebaseInAppMessagingSwift-Beta";
		};
		243DC2A12AAFD89F004DB8D7 /* FirebaseInstallations */ = {
			isa = XCSwiftPackageProductDependency;
			package = 243DC27A2AAFD89F004DB8D7 /* XCRemoteSwiftPackageReference "firebase-ios-sdk" */;
			productName = FirebaseInstallations;
		};
		243DC2A32AAFD89F004DB8D7 /* FirebaseMLModelDownloader */ = {
			isa = XCSwiftPackageProductDependency;
			package = 243DC27A2AAFD89F004DB8D7 /* XCRemoteSwiftPackageReference "firebase-ios-sdk" */;
			productName = FirebaseMLModelDownloader;
		};
		243DC2A52AAFD89F004DB8D7 /* FirebaseMessaging */ = {
			isa = XCSwiftPackageProductDependency;
			package = 243DC27A2AAFD89F004DB8D7 /* XCRemoteSwiftPackageReference "firebase-ios-sdk" */;
			productName = FirebaseMessaging;
		};
		243DC2A72AAFD89F004DB8D7 /* FirebasePerformance */ = {
			isa = XCSwiftPackageProductDependency;
			package = 243DC27A2AAFD89F004DB8D7 /* XCRemoteSwiftPackageReference "firebase-ios-sdk" */;
			productName = FirebasePerformance;
		};
		243DC2A92AAFD89F004DB8D7 /* FirebaseRemoteConfig */ = {
			isa = XCSwiftPackageProductDependency;
			package = 243DC27A2AAFD89F004DB8D7 /* XCRemoteSwiftPackageReference "firebase-ios-sdk" */;
			productName = FirebaseRemoteConfig;
		};
		243DC2AB2AAFD89F004DB8D7 /* FirebaseRemoteConfigSwift */ = {
			isa = XCSwiftPackageProductDependency;
			package = 243DC27A2AAFD89F004DB8D7 /* XCRemoteSwiftPackageReference "firebase-ios-sdk" */;
			productName = FirebaseRemoteConfigSwift;
		};
		243DC2AD2AAFD89F004DB8D7 /* FirebaseStorage */ = {
			isa = XCSwiftPackageProductDependency;
			package = 243DC27A2AAFD89F004DB8D7 /* XCRemoteSwiftPackageReference "firebase-ios-sdk" */;
			productName = FirebaseStorage;
		};
		243DC2AF2AAFD89F004DB8D7 /* FirebaseStorageCombine-Community */ = {
			isa = XCSwiftPackageProductDependency;
			package = 243DC27A2AAFD89F004DB8D7 /* XCRemoteSwiftPackageReference "firebase-ios-sdk" */;
			productName = "FirebaseStorageCombine-Community";
		};
		24A1061A2AB8EFBC00E7088B /* PIAWireguard */ = {
			isa = XCSwiftPackageProductDependency;
			package = 24A106192AB8EFBC00E7088B /* XCRemoteSwiftPackageReference "ios-wireguard" */;
			productName = PIAWireguard;
		};
		24CF17502A5EEB2B000ABEEA /* GoogleSignIn */ = {
			isa = XCSwiftPackageProductDependency;
			package = 24CF174F2A5EEB2B000ABEEA /* XCRemoteSwiftPackageReference "GoogleSignIn-iOS" */;
			productName = GoogleSignIn;
		};
		24CF17522A5EEB2B000ABEEA /* GoogleSignInSwift */ = {
			isa = XCSwiftPackageProductDependency;
			package = 24CF174F2A5EEB2B000ABEEA /* XCRemoteSwiftPackageReference "GoogleSignIn-iOS" */;
			productName = GoogleSignInSwift;
		};
/* End XCSwiftPackageProductDependency section */
	};
	rootObject = 240658892A59A892000AB645 /* Project object */;
}
